// !$*UTF8*$!
{
	archiveVersion = 1;
	classes = {
	};
	objectVersion = 46;
	objects = {

/* Begin PBXBuildFile section */
		593E4AB418C3FFD4003CC75E /* MUMatchViewController.m in Sources */ = {isa = PBXBuildFile; fileRef = 593E4AB318C3FFD4003CC75E /* MUMatchViewController.m */; };
		593E4AB818C40385003CC75E /* MUMatchesViewController.m in Sources */ = {isa = PBXBuildFile; fileRef = 593E4AB718C40385003CC75E /* MUMatchesViewController.m */; };
		593E4ABC18C406B9003CC75E /* MUChatViewController.m in Sources */ = {isa = PBXBuildFile; fileRef = 593E4ABB18C406B9003CC75E /* MUChatViewController.m */; };
		596F9D0A18C2ACFB005C0F97 /* Foundation.framework in Frameworks */ = {isa = PBXBuildFile; fileRef = 596F9D0918C2ACFB005C0F97 /* Foundation.framework */; };
		596F9D0C18C2ACFB005C0F97 /* CoreGraphics.framework in Frameworks */ = {isa = PBXBuildFile; fileRef = 596F9D0B18C2ACFB005C0F97 /* CoreGraphics.framework */; };
		596F9D0E18C2ACFB005C0F97 /* UIKit.framework in Frameworks */ = {isa = PBXBuildFile; fileRef = 596F9D0D18C2ACFB005C0F97 /* UIKit.framework */; };
		596F9D1418C2ACFB005C0F97 /* InfoPlist.strings in Resources */ = {isa = PBXBuildFile; fileRef = 596F9D1218C2ACFB005C0F97 /* InfoPlist.strings */; };
		596F9D1618C2ACFC005C0F97 /* main.m in Sources */ = {isa = PBXBuildFile; fileRef = 596F9D1518C2ACFC005C0F97 /* main.m */; };
		596F9D1A18C2ACFC005C0F97 /* MUAppDelegate.m in Sources */ = {isa = PBXBuildFile; fileRef = 596F9D1918C2ACFC005C0F97 /* MUAppDelegate.m */; };
		596F9D1D18C2ACFC005C0F97 /* Main.storyboard in Resources */ = {isa = PBXBuildFile; fileRef = 596F9D1B18C2ACFC005C0F97 /* Main.storyboard */; };
		596F9D2518C2ACFC005C0F97 /* Images.xcassets in Resources */ = {isa = PBXBuildFile; fileRef = 596F9D2418C2ACFC005C0F97 /* Images.xcassets */; };
		596F9D2C18C2ACFC005C0F97 /* XCTest.framework in Frameworks */ = {isa = PBXBuildFile; fileRef = 596F9D2B18C2ACFC005C0F97 /* XCTest.framework */; };
		596F9D2D18C2ACFC005C0F97 /* Foundation.framework in Frameworks */ = {isa = PBXBuildFile; fileRef = 596F9D0918C2ACFB005C0F97 /* Foundation.framework */; };
		596F9D2E18C2ACFC005C0F97 /* UIKit.framework in Frameworks */ = {isa = PBXBuildFile; fileRef = 596F9D0D18C2ACFB005C0F97 /* UIKit.framework */; };
		596F9D3618C2ACFC005C0F97 /* InfoPlist.strings in Resources */ = {isa = PBXBuildFile; fileRef = 596F9D3418C2ACFC005C0F97 /* InfoPlist.strings */; };
		596F9D3818C2ACFC005C0F97 /* MatchedUp_2Tests.m in Sources */ = {isa = PBXBuildFile; fileRef = 596F9D3718C2ACFC005C0F97 /* MatchedUp_2Tests.m */; };
		596F9D4318C2B316005C0F97 /* MULoginViewController.m in Sources */ = {isa = PBXBuildFile; fileRef = 596F9D4218C2B316005C0F97 /* MULoginViewController.m */; };
		596F9D4718C2E8D2005C0F97 /* MUConstants.m in Sources */ = {isa = PBXBuildFile; fileRef = 596F9D4618C2E8D2005C0F97 /* MUConstants.m */; };
		596F9D4C18C310C4005C0F97 /* MUHomeViewController.m in Sources */ = {isa = PBXBuildFile; fileRef = 596F9D4B18C310C4005C0F97 /* MUHomeViewController.m */; };
		596F9D5018C329C9005C0F97 /* MUSettingsViewController.m in Sources */ = {isa = PBXBuildFile; fileRef = 596F9D4F18C329C9005C0F97 /* MUSettingsViewController.m */; };
		596F9D5818C32E50005C0F97 /* MUEditProfileViewController.m in Sources */ = {isa = PBXBuildFile; fileRef = 596F9D5718C32E50005C0F97 /* MUEditProfileViewController.m */; };
		59E0DD0418C3307600B0354E /* MUProfileViewController.m in Sources */ = {isa = PBXBuildFile; fileRef = 59E0DD0318C3307600B0354E /* MUProfileViewController.m */; };
		59E414BB18C3579B00388504 /* MUTestUser.m in Sources */ = {isa = PBXBuildFile; fileRef = 59E414BA18C3579B00388504 /* MUTestUser.m */; };
		59E414BD18C3580900388504 /* panda_pic.jpeg in Resources */ = {isa = PBXBuildFile; fileRef = 59E414BC18C3580900388504 /* panda_pic.jpeg */; };
		59F1F80418C67EFF0081315E /* defaultPrefsFile.plist in Resources */ = {isa = PBXBuildFile; fileRef = 59F1F80318C67EFF0081315E /* defaultPrefsFile.plist */; };
		59F1F8A918C690010081315E /* BG.png in Resources */ = {isa = PBXBuildFile; fileRef = 59F1F80818C690000081315E /* BG.png */; };
		59F1F8AA18C690010081315E /* BG@2x.png in Resources */ = {isa = PBXBuildFile; fileRef = 59F1F80918C690000081315E /* BG@2x.png */; };
		59F1F8AB18C690010081315E /* BG.png in Resources */ = {isa = PBXBuildFile; fileRef = 59F1F80A18C690000081315E /* BG.png */; };
		59F1F8AC18C690010081315E /* BG@2x.png in Resources */ = {isa = PBXBuildFile; fileRef = 59F1F80B18C690000081315E /* BG@2x.png */; };
		59F1F8AD18C690010081315E /* Facebook.png in Resources */ = {isa = PBXBuildFile; fileRef = 59F1F80D18C690000081315E /* Facebook.png */; };
		59F1F8AE18C690010081315E /* Facebook@2x.png in Resources */ = {isa = PBXBuildFile; fileRef = 59F1F80E18C690000081315E /* Facebook@2x.png */; };
		59F1F8AF18C690010081315E /* Logo.png in Resources */ = {isa = PBXBuildFile; fileRef = 59F1F80F18C690000081315E /* Logo.png */; };
		59F1F8B018C690010081315E /* Logo@2x.png in Resources */ = {isa = PBXBuildFile; fileRef = 59F1F81018C690000081315E /* Logo@2x.png */; };
		59F1F8B118C690010081315E /* BG.png in Resources */ = {isa = PBXBuildFile; fileRef = 59F1F81218C690000081315E /* BG.png */; };
		59F1F8B218C690010081315E /* BG@2x.png in Resources */ = {isa = PBXBuildFile; fileRef = 59F1F81318C690000081315E /* BG@2x.png */; };
		59F1F8B318C690010081315E /* ChatIcon.png in Resources */ = {isa = PBXBuildFile; fileRef = 59F1F81418C690000081315E /* ChatIcon.png */; };
		59F1F8B418C690010081315E /* ChatIcon@2x.png in Resources */ = {isa = PBXBuildFile; fileRef = 59F1F81518C690000081315E /* ChatIcon@2x.png */; };
		59F1F8B518C690010081315E /* DislikeIcon.png in Resources */ = {isa = PBXBuildFile; fileRef = 59F1F81618C690000081315E /* DislikeIcon.png */; };
		59F1F8B618C690010081315E /* DislikeIcon@2x.png in Resources */ = {isa = PBXBuildFile; fileRef = 59F1F81718C690000081315E /* DislikeIcon@2x.png */; };
		59F1F8B718C690010081315E /* InfoIcon.png in Resources */ = {isa = PBXBuildFile; fileRef = 59F1F81818C690000081315E /* InfoIcon.png */; };
		59F1F8B818C690010081315E /* InfoIcon@2x.png in Resources */ = {isa = PBXBuildFile; fileRef = 59F1F81918C690000081315E /* InfoIcon@2x.png */; };
		59F1F8B918C690010081315E /* LikeIcon.png in Resources */ = {isa = PBXBuildFile; fileRef = 59F1F81A18C690000081315E /* LikeIcon.png */; };
		59F1F8BA18C690010081315E /* LikeIcon@2x.png in Resources */ = {isa = PBXBuildFile; fileRef = 59F1F81B18C690000081315E /* LikeIcon@2x.png */; };
		59F1F8BB18C690010081315E /* Matched-Up.png in Resources */ = {isa = PBXBuildFile; fileRef = 59F1F81C18C690000081315E /* Matched-Up.png */; };
		59F1F8BC18C690010081315E /* Matched-Up@2x.png in Resources */ = {isa = PBXBuildFile; fileRef = 59F1F81D18C690000081315E /* Matched-Up@2x.png */; };
		59F1F8BD18C690010081315E /* SettingIcon.png in Resources */ = {isa = PBXBuildFile; fileRef = 59F1F81E18C690000081315E /* SettingIcon.png */; };
		59F1F8BE18C690010081315E /* SettingIcon@2x.png in Resources */ = {isa = PBXBuildFile; fileRef = 59F1F81F18C690000081315E /* SettingIcon@2x.png */; };
		59F1F8BF18C690010081315E /* Top_NavBG.png in Resources */ = {isa = PBXBuildFile; fileRef = 59F1F82018C690000081315E /* Top_NavBG.png */; };
		59F1F8C018C690010081315E /* Top_NavBG@2x.png in Resources */ = {isa = PBXBuildFile; fileRef = 59F1F82118C690000081315E /* Top_NavBG@2x.png */; };
		59F1F8C118C690010081315E /* User_Image.png in Resources */ = {isa = PBXBuildFile; fileRef = 59F1F82218C690000081315E /* User_Image.png */; };
		59F1F8C218C690010081315E /* User_Image@2x.png in Resources */ = {isa = PBXBuildFile; fileRef = 59F1F82318C690000081315E /* User_Image@2x.png */; };
		59F1F8C318C690010081315E /* VP_BG.png in Resources */ = {isa = PBXBuildFile; fileRef = 59F1F82418C690000081315E /* VP_BG.png */; };
		59F1F8C418C690010081315E /* VP_BG@2x.png in Resources */ = {isa = PBXBuildFile; fileRef = 59F1F82518C690000081315E /* VP_BG@2x.png */; };
		59F1F8C518C690010081315E /* About_BG.png in Resources */ = {isa = PBXBuildFile; fileRef = 59F1F82718C690000081315E /* About_BG.png */; };
		59F1F8C618C690010081315E /* About_BG@2x.png in Resources */ = {isa = PBXBuildFile; fileRef = 59F1F82818C690000081315E /* About_BG@2x.png */; };
		59F1F8C718C690010081315E /* AgeIcon.png in Resources */ = {isa = PBXBuildFile; fileRef = 59F1F82918C690010081315E /* AgeIcon.png */; };
		59F1F8C818C690010081315E /* AgeIcon@2x.png in Resources */ = {isa = PBXBuildFile; fileRef = 59F1F82A18C690010081315E /* AgeIcon@2x.png */; };
		59F1F8C918C690010081315E /* BG.png in Resources */ = {isa = PBXBuildFile; fileRef = 59F1F82B18C690010081315E /* BG.png */; };
		59F1F8CA18C690010081315E /* BG@2x.png in Resources */ = {isa = PBXBuildFile; fileRef = 59F1F82C18C690010081315E /* BG@2x.png */; };
		59F1F8CB18C690010081315E /* ChatIcon.png in Resources */ = {isa = PBXBuildFile; fileRef = 59F1F82D18C690010081315E /* ChatIcon.png */; };
		59F1F8CC18C690010081315E /* ChatIcon@2x.png in Resources */ = {isa = PBXBuildFile; fileRef = 59F1F82E18C690010081315E /* ChatIcon@2x.png */; };
		59F1F8CD18C690010081315E /* DislikeIcon.png in Resources */ = {isa = PBXBuildFile; fileRef = 59F1F82F18C690010081315E /* DislikeIcon.png */; };
		59F1F8CE18C690010081315E /* DislikeIcon@2x.png in Resources */ = {isa = PBXBuildFile; fileRef = 59F1F83018C690010081315E /* DislikeIcon@2x.png */; };
		59F1F8CF18C690010081315E /* InfoIcon.png in Resources */ = {isa = PBXBuildFile; fileRef = 59F1F83118C690010081315E /* InfoIcon.png */; };
		59F1F8D018C690010081315E /* InfoIcon@2x.png in Resources */ = {isa = PBXBuildFile; fileRef = 59F1F83218C690010081315E /* InfoIcon@2x.png */; };
		59F1F8D118C690010081315E /* LikeIcon.png in Resources */ = {isa = PBXBuildFile; fileRef = 59F1F83318C690010081315E /* LikeIcon.png */; };
		59F1F8D218C690010081315E /* LikeIcon@2x.png in Resources */ = {isa = PBXBuildFile; fileRef = 59F1F83418C690010081315E /* LikeIcon@2x.png */; };
		59F1F8D318C690010081315E /* location.png in Resources */ = {isa = PBXBuildFile; fileRef = 59F1F83518C690010081315E /* location.png */; };
		59F1F8D418C690010081315E /* location@2x.png in Resources */ = {isa = PBXBuildFile; fileRef = 59F1F83618C690010081315E /* location@2x.png */; };
		59F1F8D518C690010081315E /* NameAgeStatusBar.png in Resources */ = {isa = PBXBuildFile; fileRef = 59F1F83718C690010081315E /* NameAgeStatusBar.png */; };
		59F1F8D618C690010081315E /* NameAgeStatusBar@2x.png in Resources */ = {isa = PBXBuildFile; fileRef = 59F1F83818C690010081315E /* NameAgeStatusBar@2x.png */; };
		59F1F8D718C690010081315E /* SettingIcon.png in Resources */ = {isa = PBXBuildFile; fileRef = 59F1F83918C690010081315E /* SettingIcon.png */; };
		59F1F8D818C690010081315E /* SettingIcon@2x.png in Resources */ = {isa = PBXBuildFile; fileRef = 59F1F83A18C690010081315E /* SettingIcon@2x.png */; };
		59F1F8D918C690010081315E /* Single.png in Resources */ = {isa = PBXBuildFile; fileRef = 59F1F83B18C690010081315E /* Single.png */; };
		59F1F8DA18C690010081315E /* Single@2x.png in Resources */ = {isa = PBXBuildFile; fileRef = 59F1F83C18C690010081315E /* Single@2x.png */; };
		59F1F8DB18C690010081315E /* StatusIcon.png in Resources */ = {isa = PBXBuildFile; fileRef = 59F1F83D18C690010081315E /* StatusIcon.png */; };
		59F1F8DC18C690010081315E /* StatusIcon@2x.png in Resources */ = {isa = PBXBuildFile; fileRef = 59F1F83E18C690010081315E /* StatusIcon@2x.png */; };
		59F1F8DD18C690010081315E /* UserImage.png in Resources */ = {isa = PBXBuildFile; fileRef = 59F1F83F18C690010081315E /* UserImage.png */; };
		59F1F8DE18C690010081315E /* UserImage@2x.png in Resources */ = {isa = PBXBuildFile; fileRef = 59F1F84018C690010081315E /* UserImage@2x.png */; };
		59F1F8DF18C690010081315E /* VP_BG.png in Resources */ = {isa = PBXBuildFile; fileRef = 59F1F84118C690010081315E /* VP_BG.png */; };
		59F1F8E018C690010081315E /* VP_BG@2x.png in Resources */ = {isa = PBXBuildFile; fileRef = 59F1F84218C690010081315E /* VP_BG@2x.png */; };
		59F1F8E118C690010081315E /* back-icon.png in Resources */ = {isa = PBXBuildFile; fileRef = 59F1F84418C690010081315E /* back-icon.png */; };
		59F1F8E218C690010081315E /* back-icon@2x.png in Resources */ = {isa = PBXBuildFile; fileRef = 59F1F84518C690010081315E /* back-icon@2x.png */; };
		59F1F8E318C690010081315E /* BG.png in Resources */ = {isa = PBXBuildFile; fileRef = 59F1F84618C690010081315E /* BG.png */; };
		59F1F8E418C690010081315E /* BG@2x.png in Resources */ = {isa = PBXBuildFile; fileRef = 59F1F84718C690010081315E /* BG@2x.png */; };
		59F1F8E518C690010081315E /* Chat_user.png in Resources */ = {isa = PBXBuildFile; fileRef = 59F1F84818C690010081315E /* Chat_user.png */; };
		59F1F8E618C690010081315E /* Chat_user@2x.png in Resources */ = {isa = PBXBuildFile; fileRef = 59F1F84918C690010081315E /* Chat_user@2x.png */; };
		59F1F8E718C690010081315E /* menu-icon.png in Resources */ = {isa = PBXBuildFile; fileRef = 59F1F84A18C690010081315E /* menu-icon.png */; };
		59F1F8E818C690010081315E /* menu-icon@2x.png in Resources */ = {isa = PBXBuildFile; fileRef = 59F1F84B18C690010081315E /* menu-icon@2x.png */; };
		59F1F8E918C690010081315E /* SettingIcon.png in Resources */ = {isa = PBXBuildFile; fileRef = 59F1F84C18C690010081315E /* SettingIcon.png */; };
		59F1F8EA18C690010081315E /* SettingIcon@2x.png in Resources */ = {isa = PBXBuildFile; fileRef = 59F1F84D18C690010081315E /* SettingIcon@2x.png */; };
		59F1F8EB18C690010081315E /* Top_NavBG.png in Resources */ = {isa = PBXBuildFile; fileRef = 59F1F84E18C690010081315E /* Top_NavBG.png */; };
		59F1F8EC18C690010081315E /* Top_NavBG@2x.png in Resources */ = {isa = PBXBuildFile; fileRef = 59F1F84F18C690010081315E /* Top_NavBG@2x.png */; };
		59F1F8ED18C690010081315E /* back-icon.png in Resources */ = {isa = PBXBuildFile; fileRef = 59F1F85118C690010081315E /* back-icon.png */; };
		59F1F8EE18C690010081315E /* back-icon@2x.png in Resources */ = {isa = PBXBuildFile; fileRef = 59F1F85218C690010081315E /* back-icon@2x.png */; };
		59F1F8EF18C690010081315E /* BG.png in Resources */ = {isa = PBXBuildFile; fileRef = 59F1F85318C690010081315E /* BG.png */; };
		59F1F8F018C690010081315E /* BG@2x.png in Resources */ = {isa = PBXBuildFile; fileRef = 59F1F85418C690010081315E /* BG@2x.png */; };
		59F1F8F118C690010081315E /* form.png in Resources */ = {isa = PBXBuildFile; fileRef = 59F1F85518C690010081315E /* form.png */; };
		59F1F8F218C690010081315E /* form@2x.png in Resources */ = {isa = PBXBuildFile; fileRef = 59F1F85618C690010081315E /* form@2x.png */; };
		59F1F8F318C690010081315E /* menu-icon.png in Resources */ = {isa = PBXBuildFile; fileRef = 59F1F85718C690010081315E /* menu-icon.png */; };
		59F1F8F418C690010081315E /* menu-icon@2x.png in Resources */ = {isa = PBXBuildFile; fileRef = 59F1F85818C690010081315E /* menu-icon@2x.png */; };
		59F1F8F518C690010081315E /* Send_Bar_BG.png in Resources */ = {isa = PBXBuildFile; fileRef = 59F1F85918C690010081315E /* Send_Bar_BG.png */; };
		59F1F8F618C690010081315E /* Send_Bar_BG@2x.png in Resources */ = {isa = PBXBuildFile; fileRef = 59F1F85A18C690010081315E /* Send_Bar_BG@2x.png */; };
		59F1F8F718C690010081315E /* SettingIcon.png in Resources */ = {isa = PBXBuildFile; fileRef = 59F1F85B18C690010081315E /* SettingIcon.png */; };
		59F1F8F818C690010081315E /* SettingIcon@2x.png in Resources */ = {isa = PBXBuildFile; fileRef = 59F1F85C18C690010081315E /* SettingIcon@2x.png */; };
		59F1F8F918C690010081315E /* Top_NavBG.png in Resources */ = {isa = PBXBuildFile; fileRef = 59F1F85D18C690010081315E /* Top_NavBG.png */; };
		59F1F8FA18C690010081315E /* Top_NavBG@2x.png in Resources */ = {isa = PBXBuildFile; fileRef = 59F1F85E18C690010081315E /* Top_NavBG@2x.png */; };
		59F1F8FB18C690010081315E /* back-icon.png in Resources */ = {isa = PBXBuildFile; fileRef = 59F1F86018C690010081315E /* back-icon.png */; };
		59F1F8FC18C690010081315E /* back-icon@2x.png in Resources */ = {isa = PBXBuildFile; fileRef = 59F1F86118C690010081315E /* back-icon@2x.png */; };
		59F1F8FD18C690010081315E /* BG.png in Resources */ = {isa = PBXBuildFile; fileRef = 59F1F86218C690010081315E /* BG.png */; };
		59F1F8FE18C690010081315E /* BG@2x.png in Resources */ = {isa = PBXBuildFile; fileRef = 59F1F86318C690010081315E /* BG@2x.png */; };
		59F1F8FF18C690010081315E /* EditProfile.png in Resources */ = {isa = PBXBuildFile; fileRef = 59F1F86418C690010081315E /* EditProfile.png */; };
		59F1F90018C690010081315E /* EditProfile@2x.png in Resources */ = {isa = PBXBuildFile; fileRef = 59F1F86518C690010081315E /* EditProfile@2x.png */; };
		59F1F90118C690010081315E /* Logout.png in Resources */ = {isa = PBXBuildFile; fileRef = 59F1F86618C690010081315E /* Logout.png */; };
		59F1F90218C690010081315E /* Logout@2x.png in Resources */ = {isa = PBXBuildFile; fileRef = 59F1F86718C690010081315E /* Logout@2x.png */; };
		59F1F90318C690010081315E /* menu-icon.png in Resources */ = {isa = PBXBuildFile; fileRef = 59F1F86818C690010081315E /* menu-icon.png */; };
		59F1F90418C690010081315E /* menu-icon@2x.png in Resources */ = {isa = PBXBuildFile; fileRef = 59F1F86918C690010081315E /* menu-icon@2x.png */; };
		59F1F90518C690010081315E /* SettingIcon.png in Resources */ = {isa = PBXBuildFile; fileRef = 59F1F86A18C690010081315E /* SettingIcon.png */; };
		59F1F90618C690010081315E /* SettingIcon@2x.png in Resources */ = {isa = PBXBuildFile; fileRef = 59F1F86B18C690010081315E /* SettingIcon@2x.png */; };
		59F1F90718C690010081315E /* Top_NavBG.png in Resources */ = {isa = PBXBuildFile; fileRef = 59F1F86C18C690010081315E /* Top_NavBG.png */; };
		59F1F90818C690010081315E /* Top_NavBG@2x.png in Resources */ = {isa = PBXBuildFile; fileRef = 59F1F86D18C690010081315E /* Top_NavBG@2x.png */; };
		59F1F90918C690010081315E /* About_BG.png in Resources */ = {isa = PBXBuildFile; fileRef = 59F1F86F18C690010081315E /* About_BG.png */; };
		59F1F90A18C690010081315E /* About_BG@2x.png in Resources */ = {isa = PBXBuildFile; fileRef = 59F1F87018C690010081315E /* About_BG@2x.png */; };
		59F1F90B18C690010081315E /* back-icon.png in Resources */ = {isa = PBXBuildFile; fileRef = 59F1F87118C690010081315E /* back-icon.png */; };
		59F1F90C18C690010081315E /* back-icon@2x.png in Resources */ = {isa = PBXBuildFile; fileRef = 59F1F87218C690010081315E /* back-icon@2x.png */; };
		59F1F90D18C690010081315E /* BG.png in Resources */ = {isa = PBXBuildFile; fileRef = 59F1F87318C690010081315E /* BG.png */; };
		59F1F90E18C690010081315E /* BG@2x.png in Resources */ = {isa = PBXBuildFile; fileRef = 59F1F87418C690010081315E /* BG@2x.png */; };
		59F1F90F18C690010081315E /* menu-icon.png in Resources */ = {isa = PBXBuildFile; fileRef = 59F1F87518C690010081315E /* menu-icon.png */; };
		59F1F91018C690010081315E /* menu-icon@2x.png in Resources */ = {isa = PBXBuildFile; fileRef = 59F1F87618C690010081315E /* menu-icon@2x.png */; };
		59F1F91118C690010081315E /* SettingIcon.png in Resources */ = {isa = PBXBuildFile; fileRef = 59F1F87718C690010081315E /* SettingIcon.png */; };
		59F1F91218C690010081315E /* SettingIcon@2x.png in Resources */ = {isa = PBXBuildFile; fileRef = 59F1F87818C690010081315E /* SettingIcon@2x.png */; };
		59F1F91318C690010081315E /* Top_NavBG.png in Resources */ = {isa = PBXBuildFile; fileRef = 59F1F87918C690010081315E /* Top_NavBG.png */; };
		59F1F91418C690010081315E /* Top_NavBG@2x.png in Resources */ = {isa = PBXBuildFile; fileRef = 59F1F87A18C690010081315E /* Top_NavBG@2x.png */; };
		59F1F91518C690010081315E /* UserImage.png in Resources */ = {isa = PBXBuildFile; fileRef = 59F1F87B18C690010081315E /* UserImage.png */; };
		59F1F91618C690010081315E /* UserImage@2x.png in Resources */ = {isa = PBXBuildFile; fileRef = 59F1F87C18C690010081315E /* UserImage@2x.png */; };
		59F1F91718C690010081315E /* ChatNow_Icon.png in Resources */ = {isa = PBXBuildFile; fileRef = 59F1F87E18C690010081315E /* ChatNow_Icon.png */; };
		59F1F91818C690010081315E /* ChatNow_Icon@2x.png in Resources */ = {isa = PBXBuildFile; fileRef = 59F1F87F18C690010081315E /* ChatNow_Icon@2x.png */; };
		59F1F91918C690010081315E /* Close-Button.png in Resources */ = {isa = PBXBuildFile; fileRef = 59F1F88018C690010081315E /* Close-Button.png */; };
		59F1F91A18C690010081315E /* Close-Button@2x.png in Resources */ = {isa = PBXBuildFile; fileRef = 59F1F88118C690010081315E /* Close-Button@2x.png */; };
		59F1F91B18C690010081315E /* back-icon.png in Resources */ = {isa = PBXBuildFile; fileRef = 59F1F88318C690010081315E /* back-icon.png */; };
		59F1F91C18C690010081315E /* back-icon@2x.png in Resources */ = {isa = PBXBuildFile; fileRef = 59F1F88418C690010081315E /* back-icon@2x.png */; };
		59F1F91D18C690010081315E /* ChatIcon.png in Resources */ = {isa = PBXBuildFile; fileRef = 59F1F88518C690010081315E /* ChatIcon.png */; };
		59F1F91E18C690010081315E /* ChatIcon@2x.png in Resources */ = {isa = PBXBuildFile; fileRef = 59F1F88618C690010081315E /* ChatIcon@2x.png */; };
		59F1F91F18C690010081315E /* SettingIcon.png in Resources */ = {isa = PBXBuildFile; fileRef = 59F1F88718C690010081315E /* SettingIcon.png */; };
		59F1F92018C690010081315E /* SettingIcon@2x.png in Resources */ = {isa = PBXBuildFile; fileRef = 59F1F88818C690010081315E /* SettingIcon@2x.png */; };
		59F1F92118C690010081315E /* 1024_icon-1-01.png in Resources */ = {isa = PBXBuildFile; fileRef = 59F1F88B18C690010081315E /* 1024_icon-1-01.png */; };
		59F1F92218C690010081315E /* Icon-72.png in Resources */ = {isa = PBXBuildFile; fileRef = 59F1F88D18C690010081315E /* Icon-72.png */; };
		59F1F92318C690010081315E /* Icon-72@2x.png in Resources */ = {isa = PBXBuildFile; fileRef = 59F1F88E18C690010081315E /* Icon-72@2x.png */; };
		59F1F92418C690010081315E /* Icon-Small-50.png in Resources */ = {isa = PBXBuildFile; fileRef = 59F1F88F18C690010081315E /* Icon-Small-50.png */; };
		59F1F92518C690010081315E /* Icon-Small-50@2x.png in Resources */ = {isa = PBXBuildFile; fileRef = 59F1F89018C690010081315E /* Icon-Small-50@2x.png */; };
		59F1F92618C690010081315E /* Icon-Small.png in Resources */ = {isa = PBXBuildFile; fileRef = 59F1F89118C690010081315E /* Icon-Small.png */; };
		59F1F92718C690010081315E /* Icon-Small@2x.png in Resources */ = {isa = PBXBuildFile; fileRef = 59F1F89218C690010081315E /* Icon-Small@2x.png */; };
		59F1F92818C690010081315E /* Icon.png in Resources */ = {isa = PBXBuildFile; fileRef = 59F1F89318C690010081315E /* Icon.png */; };
		59F1F92918C690010081315E /* Icon@2x.png in Resources */ = {isa = PBXBuildFile; fileRef = 59F1F89418C690010081315E /* Icon@2x.png */; };
		59F1F92A18C690010081315E /* iTunesArtwork.png in Resources */ = {isa = PBXBuildFile; fileRef = 59F1F89518C690010081315E /* iTunesArtwork.png */; };
		59F1F92B18C690010081315E /* iTunesArtwork@2x.png in Resources */ = {isa = PBXBuildFile; fileRef = 59F1F89618C690010081315E /* iTunesArtwork@2x.png */; };
		59F1F92C18C690010081315E /* Icon-40.png in Resources */ = {isa = PBXBuildFile; fileRef = 59F1F89818C690010081315E /* Icon-40.png */; };
		59F1F92D18C690010081315E /* Icon-40@2x.png in Resources */ = {isa = PBXBuildFile; fileRef = 59F1F89918C690010081315E /* Icon-40@2x.png */; };
		59F1F92E18C690010081315E /* Icon-60.png in Resources */ = {isa = PBXBuildFile; fileRef = 59F1F89A18C690010081315E /* Icon-60.png */; };
		59F1F92F18C690010081315E /* Icon-60@2x.png in Resources */ = {isa = PBXBuildFile; fileRef = 59F1F89B18C690010081315E /* Icon-60@2x.png */; };
		59F1F93018C690010081315E /* Icon-72.png in Resources */ = {isa = PBXBuildFile; fileRef = 59F1F89C18C690010081315E /* Icon-72.png */; };
		59F1F93118C690010081315E /* Icon-72@2x.png in Resources */ = {isa = PBXBuildFile; fileRef = 59F1F89D18C690010081315E /* Icon-72@2x.png */; };
		59F1F93218C690010081315E /* Icon-76.png in Resources */ = {isa = PBXBuildFile; fileRef = 59F1F89E18C690010081315E /* Icon-76.png */; };
		59F1F93318C690010081315E /* Icon-76@2x.png in Resources */ = {isa = PBXBuildFile; fileRef = 59F1F89F18C690010081315E /* Icon-76@2x.png */; };
		59F1F93418C690010081315E /* Icon-Small-50.png in Resources */ = {isa = PBXBuildFile; fileRef = 59F1F8A018C690010081315E /* Icon-Small-50.png */; };
		59F1F93518C690010081315E /* Icon-Small-50@2x.png in Resources */ = {isa = PBXBuildFile; fileRef = 59F1F8A118C690010081315E /* Icon-Small-50@2x.png */; };
		59F1F93618C690010081315E /* Icon-Small.png in Resources */ = {isa = PBXBuildFile; fileRef = 59F1F8A218C690010081315E /* Icon-Small.png */; };
		59F1F93718C690010081315E /* Icon-Small@2x.png in Resources */ = {isa = PBXBuildFile; fileRef = 59F1F8A318C690010081315E /* Icon-Small@2x.png */; };
		59F1F93818C690010081315E /* Icon.png in Resources */ = {isa = PBXBuildFile; fileRef = 59F1F8A418C690010081315E /* Icon.png */; };
		59F1F93918C690010081315E /* Icon@2x.png in Resources */ = {isa = PBXBuildFile; fileRef = 59F1F8A518C690010081315E /* Icon@2x.png */; };
		59F1F93A18C690010081315E /* iTunesArtwork.png in Resources */ = {isa = PBXBuildFile; fileRef = 59F1F8A618C690010081315E /* iTunesArtwork.png */; };
		59F1F93B18C690010081315E /* iTunesArtwork@2x.png in Resources */ = {isa = PBXBuildFile; fileRef = 59F1F8A718C690010081315E /* iTunesArtwork@2x.png */; };
		59F1F93C18C690010081315E /* Matched_Up_DesignV3_red.pdf in Resources */ = {isa = PBXBuildFile; fileRef = 59F1F8A818C690010081315E /* Matched_Up_DesignV3_red.pdf */; };
		59F1F94018C6AFE90081315E /* MUTransitionAnimator.m in Sources */ = {isa = PBXBuildFile; fileRef = 59F1F93F18C6AFE90081315E /* MUTransitionAnimator.m */; };
		7D74EE5370A64845AAC1480D /* libPods.a in Frameworks */ = {isa = PBXBuildFile; fileRef = EEFF63FE7EFB40BB841DD667 /* libPods.a */; };
/* End PBXBuildFile section */

/* Begin PBXContainerItemProxy section */
		596F9D2F18C2ACFC005C0F97 /* PBXContainerItemProxy */ = {
			isa = PBXContainerItemProxy;
			containerPortal = 596F9CFE18C2ACFB005C0F97 /* Project object */;
			proxyType = 1;
			remoteGlobalIDString = 596F9D0518C2ACFB005C0F97;
			remoteInfo = "MatchedUp 2";
		};
/* End PBXContainerItemProxy section */

/* Begin PBXFileReference section */
		593E4AB218C3FFD4003CC75E /* MUMatchViewController.h */ = {isa = PBXFileReference; fileEncoding = 4; lastKnownFileType = sourcecode.c.h; path = MUMatchViewController.h; sourceTree = "<group>"; };
		593E4AB318C3FFD4003CC75E /* MUMatchViewController.m */ = {isa = PBXFileReference; fileEncoding = 4; lastKnownFileType = sourcecode.c.objc; path = MUMatchViewController.m; sourceTree = "<group>"; };
		593E4AB618C40385003CC75E /* MUMatchesViewController.h */ = {isa = PBXFileReference; fileEncoding = 4; lastKnownFileType = sourcecode.c.h; path = MUMatchesViewController.h; sourceTree = "<group>"; };
		593E4AB718C40385003CC75E /* MUMatchesViewController.m */ = {isa = PBXFileReference; fileEncoding = 4; lastKnownFileType = sourcecode.c.objc; path = MUMatchesViewController.m; sourceTree = "<group>"; };
		593E4ABA18C406B9003CC75E /* MUChatViewController.h */ = {isa = PBXFileReference; fileEncoding = 4; lastKnownFileType = sourcecode.c.h; path = MUChatViewController.h; sourceTree = "<group>"; };
		593E4ABB18C406B9003CC75E /* MUChatViewController.m */ = {isa = PBXFileReference; fileEncoding = 4; lastKnownFileType = sourcecode.c.objc; path = MUChatViewController.m; sourceTree = "<group>"; };
		596F9D0618C2ACFB005C0F97 /* MatchedUp 2.app */ = {isa = PBXFileReference; explicitFileType = wrapper.application; includeInIndex = 0; path = "MatchedUp 2.app"; sourceTree = BUILT_PRODUCTS_DIR; };
		596F9D0918C2ACFB005C0F97 /* Foundation.framework */ = {isa = PBXFileReference; lastKnownFileType = wrapper.framework; name = Foundation.framework; path = System/Library/Frameworks/Foundation.framework; sourceTree = SDKROOT; };
		596F9D0B18C2ACFB005C0F97 /* CoreGraphics.framework */ = {isa = PBXFileReference; lastKnownFileType = wrapper.framework; name = CoreGraphics.framework; path = System/Library/Frameworks/CoreGraphics.framework; sourceTree = SDKROOT; };
		596F9D0D18C2ACFB005C0F97 /* UIKit.framework */ = {isa = PBXFileReference; lastKnownFileType = wrapper.framework; name = UIKit.framework; path = System/Library/Frameworks/UIKit.framework; sourceTree = SDKROOT; };
		596F9D1118C2ACFB005C0F97 /* MatchedUp 2-Info.plist */ = {isa = PBXFileReference; lastKnownFileType = text.plist.xml; path = "MatchedUp 2-Info.plist"; sourceTree = "<group>"; };
		596F9D1318C2ACFB005C0F97 /* en */ = {isa = PBXFileReference; lastKnownFileType = text.plist.strings; name = en; path = en.lproj/InfoPlist.strings; sourceTree = "<group>"; };
		596F9D1518C2ACFC005C0F97 /* main.m */ = {isa = PBXFileReference; lastKnownFileType = sourcecode.c.objc; path = main.m; sourceTree = "<group>"; };
		596F9D1718C2ACFC005C0F97 /* MatchedUp 2-Prefix.pch */ = {isa = PBXFileReference; lastKnownFileType = sourcecode.c.h; path = "MatchedUp 2-Prefix.pch"; sourceTree = "<group>"; };
		596F9D1818C2ACFC005C0F97 /* MUAppDelegate.h */ = {isa = PBXFileReference; lastKnownFileType = sourcecode.c.h; path = MUAppDelegate.h; sourceTree = "<group>"; };
		596F9D1918C2ACFC005C0F97 /* MUAppDelegate.m */ = {isa = PBXFileReference; lastKnownFileType = sourcecode.c.objc; path = MUAppDelegate.m; sourceTree = "<group>"; };
		596F9D1C18C2ACFC005C0F97 /* Base */ = {isa = PBXFileReference; lastKnownFileType = file.storyboard; name = Base; path = Base.lproj/Main.storyboard; sourceTree = "<group>"; };
		596F9D2418C2ACFC005C0F97 /* Images.xcassets */ = {isa = PBXFileReference; lastKnownFileType = folder.assetcatalog; path = Images.xcassets; sourceTree = "<group>"; };
		596F9D2A18C2ACFC005C0F97 /* MatchedUp 2Tests.xctest */ = {isa = PBXFileReference; explicitFileType = wrapper.cfbundle; includeInIndex = 0; path = "MatchedUp 2Tests.xctest"; sourceTree = BUILT_PRODUCTS_DIR; };
		596F9D2B18C2ACFC005C0F97 /* XCTest.framework */ = {isa = PBXFileReference; lastKnownFileType = wrapper.framework; name = XCTest.framework; path = Library/Frameworks/XCTest.framework; sourceTree = DEVELOPER_DIR; };
		596F9D3318C2ACFC005C0F97 /* MatchedUp 2Tests-Info.plist */ = {isa = PBXFileReference; lastKnownFileType = text.plist.xml; path = "MatchedUp 2Tests-Info.plist"; sourceTree = "<group>"; };
		596F9D3518C2ACFC005C0F97 /* en */ = {isa = PBXFileReference; lastKnownFileType = text.plist.strings; name = en; path = en.lproj/InfoPlist.strings; sourceTree = "<group>"; };
		596F9D3718C2ACFC005C0F97 /* MatchedUp_2Tests.m */ = {isa = PBXFileReference; lastKnownFileType = sourcecode.c.objc; path = MatchedUp_2Tests.m; sourceTree = "<group>"; };
		596F9D4118C2B316005C0F97 /* MULoginViewController.h */ = {isa = PBXFileReference; fileEncoding = 4; lastKnownFileType = sourcecode.c.h; path = MULoginViewController.h; sourceTree = "<group>"; };
		596F9D4218C2B316005C0F97 /* MULoginViewController.m */ = {isa = PBXFileReference; fileEncoding = 4; lastKnownFileType = sourcecode.c.objc; path = MULoginViewController.m; sourceTree = "<group>"; };
		596F9D4518C2E8D2005C0F97 /* MUConstants.h */ = {isa = PBXFileReference; fileEncoding = 4; lastKnownFileType = sourcecode.c.h; path = MUConstants.h; sourceTree = "<group>"; };
		596F9D4618C2E8D2005C0F97 /* MUConstants.m */ = {isa = PBXFileReference; fileEncoding = 4; lastKnownFileType = sourcecode.c.objc; path = MUConstants.m; sourceTree = "<group>"; };
		596F9D4A18C310C4005C0F97 /* MUHomeViewController.h */ = {isa = PBXFileReference; fileEncoding = 4; lastKnownFileType = sourcecode.c.h; path = MUHomeViewController.h; sourceTree = "<group>"; };
		596F9D4B18C310C4005C0F97 /* MUHomeViewController.m */ = {isa = PBXFileReference; fileEncoding = 4; lastKnownFileType = sourcecode.c.objc; path = MUHomeViewController.m; sourceTree = "<group>"; };
		596F9D4E18C329C9005C0F97 /* MUSettingsViewController.h */ = {isa = PBXFileReference; fileEncoding = 4; lastKnownFileType = sourcecode.c.h; path = MUSettingsViewController.h; sourceTree = "<group>"; };
		596F9D4F18C329C9005C0F97 /* MUSettingsViewController.m */ = {isa = PBXFileReference; fileEncoding = 4; lastKnownFileType = sourcecode.c.objc; path = MUSettingsViewController.m; sourceTree = "<group>"; };
		596F9D5618C32E50005C0F97 /* MUEditProfileViewController.h */ = {isa = PBXFileReference; fileEncoding = 4; lastKnownFileType = sourcecode.c.h; name = MUEditProfileViewController.h; path = "MatchedUp 2/MUEditProfileViewController.h"; sourceTree = "<group>"; };
		596F9D5718C32E50005C0F97 /* MUEditProfileViewController.m */ = {isa = PBXFileReference; fileEncoding = 4; lastKnownFileType = sourcecode.c.objc; name = MUEditProfileViewController.m; path = "MatchedUp 2/MUEditProfileViewController.m"; sourceTree = "<group>"; };
		59E0DD0218C3307600B0354E /* MUProfileViewController.h */ = {isa = PBXFileReference; fileEncoding = 4; lastKnownFileType = sourcecode.c.h; name = MUProfileViewController.h; path = "MatchedUp 2/MUProfileViewController.h"; sourceTree = "<group>"; };
		59E0DD0318C3307600B0354E /* MUProfileViewController.m */ = {isa = PBXFileReference; fileEncoding = 4; lastKnownFileType = sourcecode.c.objc; name = MUProfileViewController.m; path = "MatchedUp 2/MUProfileViewController.m"; sourceTree = "<group>"; };
		59E414B918C3579B00388504 /* MUTestUser.h */ = {isa = PBXFileReference; fileEncoding = 4; lastKnownFileType = sourcecode.c.h; name = MUTestUser.h; path = "MatchedUp 2/MUTestUser.h"; sourceTree = "<group>"; };
		59E414BA18C3579B00388504 /* MUTestUser.m */ = {isa = PBXFileReference; fileEncoding = 4; lastKnownFileType = sourcecode.c.objc; name = MUTestUser.m; path = "MatchedUp 2/MUTestUser.m"; sourceTree = "<group>"; };
		59E414BC18C3580900388504 /* panda_pic.jpeg */ = {isa = PBXFileReference; lastKnownFileType = image.jpeg; path = panda_pic.jpeg; sourceTree = "<group>"; };
		59F1F80318C67EFF0081315E /* defaultPrefsFile.plist */ = {isa = PBXFileReference; fileEncoding = 4; lastKnownFileType = text.plist.xml; path = defaultPrefsFile.plist; sourceTree = "<group>"; };
		59F1F80818C690000081315E /* BG.png */ = {isa = PBXFileReference; lastKnownFileType = image.png; path = BG.png; sourceTree = "<group>"; };
		59F1F80918C690000081315E /* BG@2x.png */ = {isa = PBXFileReference; lastKnownFileType = image.png; path = "BG@2x.png"; sourceTree = "<group>"; };
		59F1F80A18C690000081315E /* BG.png */ = {isa = PBXFileReference; lastKnownFileType = image.png; path = BG.png; sourceTree = "<group>"; };
		59F1F80B18C690000081315E /* BG@2x.png */ = {isa = PBXFileReference; lastKnownFileType = image.png; path = "BG@2x.png"; sourceTree = "<group>"; };
		59F1F80D18C690000081315E /* Facebook.png */ = {isa = PBXFileReference; lastKnownFileType = image.png; path = Facebook.png; sourceTree = "<group>"; };
		59F1F80E18C690000081315E /* Facebook@2x.png */ = {isa = PBXFileReference; lastKnownFileType = image.png; path = "Facebook@2x.png"; sourceTree = "<group>"; };
		59F1F80F18C690000081315E /* Logo.png */ = {isa = PBXFileReference; lastKnownFileType = image.png; path = Logo.png; sourceTree = "<group>"; };
		59F1F81018C690000081315E /* Logo@2x.png */ = {isa = PBXFileReference; lastKnownFileType = image.png; path = "Logo@2x.png"; sourceTree = "<group>"; };
		59F1F81218C690000081315E /* BG.png */ = {isa = PBXFileReference; lastKnownFileType = image.png; path = BG.png; sourceTree = "<group>"; };
		59F1F81318C690000081315E /* BG@2x.png */ = {isa = PBXFileReference; lastKnownFileType = image.png; path = "BG@2x.png"; sourceTree = "<group>"; };
		59F1F81418C690000081315E /* ChatIcon.png */ = {isa = PBXFileReference; lastKnownFileType = image.png; path = ChatIcon.png; sourceTree = "<group>"; };
		59F1F81518C690000081315E /* ChatIcon@2x.png */ = {isa = PBXFileReference; lastKnownFileType = image.png; path = "ChatIcon@2x.png"; sourceTree = "<group>"; };
		59F1F81618C690000081315E /* DislikeIcon.png */ = {isa = PBXFileReference; lastKnownFileType = image.png; path = DislikeIcon.png; sourceTree = "<group>"; };
		59F1F81718C690000081315E /* DislikeIcon@2x.png */ = {isa = PBXFileReference; lastKnownFileType = image.png; path = "DislikeIcon@2x.png"; sourceTree = "<group>"; };
		59F1F81818C690000081315E /* InfoIcon.png */ = {isa = PBXFileReference; lastKnownFileType = image.png; path = InfoIcon.png; sourceTree = "<group>"; };
		59F1F81918C690000081315E /* InfoIcon@2x.png */ = {isa = PBXFileReference; lastKnownFileType = image.png; path = "InfoIcon@2x.png"; sourceTree = "<group>"; };
		59F1F81A18C690000081315E /* LikeIcon.png */ = {isa = PBXFileReference; lastKnownFileType = image.png; path = LikeIcon.png; sourceTree = "<group>"; };
		59F1F81B18C690000081315E /* LikeIcon@2x.png */ = {isa = PBXFileReference; lastKnownFileType = image.png; path = "LikeIcon@2x.png"; sourceTree = "<group>"; };
		59F1F81C18C690000081315E /* Matched-Up.png */ = {isa = PBXFileReference; lastKnownFileType = image.png; path = "Matched-Up.png"; sourceTree = "<group>"; };
		59F1F81D18C690000081315E /* Matched-Up@2x.png */ = {isa = PBXFileReference; lastKnownFileType = image.png; path = "Matched-Up@2x.png"; sourceTree = "<group>"; };
		59F1F81E18C690000081315E /* SettingIcon.png */ = {isa = PBXFileReference; lastKnownFileType = image.png; path = SettingIcon.png; sourceTree = "<group>"; };
		59F1F81F18C690000081315E /* SettingIcon@2x.png */ = {isa = PBXFileReference; lastKnownFileType = image.png; path = "SettingIcon@2x.png"; sourceTree = "<group>"; };
		59F1F82018C690000081315E /* Top_NavBG.png */ = {isa = PBXFileReference; lastKnownFileType = image.png; path = Top_NavBG.png; sourceTree = "<group>"; };
		59F1F82118C690000081315E /* Top_NavBG@2x.png */ = {isa = PBXFileReference; lastKnownFileType = image.png; path = "Top_NavBG@2x.png"; sourceTree = "<group>"; };
		59F1F82218C690000081315E /* User_Image.png */ = {isa = PBXFileReference; lastKnownFileType = image.png; path = User_Image.png; sourceTree = "<group>"; };
		59F1F82318C690000081315E /* User_Image@2x.png */ = {isa = PBXFileReference; lastKnownFileType = image.png; path = "User_Image@2x.png"; sourceTree = "<group>"; };
		59F1F82418C690000081315E /* VP_BG.png */ = {isa = PBXFileReference; lastKnownFileType = image.png; path = VP_BG.png; sourceTree = "<group>"; };
		59F1F82518C690000081315E /* VP_BG@2x.png */ = {isa = PBXFileReference; lastKnownFileType = image.png; path = "VP_BG@2x.png"; sourceTree = "<group>"; };
		59F1F82718C690000081315E /* About_BG.png */ = {isa = PBXFileReference; lastKnownFileType = image.png; path = About_BG.png; sourceTree = "<group>"; };
		59F1F82818C690000081315E /* About_BG@2x.png */ = {isa = PBXFileReference; lastKnownFileType = image.png; path = "About_BG@2x.png"; sourceTree = "<group>"; };
		59F1F82918C690010081315E /* AgeIcon.png */ = {isa = PBXFileReference; lastKnownFileType = image.png; path = AgeIcon.png; sourceTree = "<group>"; };
		59F1F82A18C690010081315E /* AgeIcon@2x.png */ = {isa = PBXFileReference; lastKnownFileType = image.png; path = "AgeIcon@2x.png"; sourceTree = "<group>"; };
		59F1F82B18C690010081315E /* BG.png */ = {isa = PBXFileReference; lastKnownFileType = image.png; path = BG.png; sourceTree = "<group>"; };
		59F1F82C18C690010081315E /* BG@2x.png */ = {isa = PBXFileReference; lastKnownFileType = image.png; path = "BG@2x.png"; sourceTree = "<group>"; };
		59F1F82D18C690010081315E /* ChatIcon.png */ = {isa = PBXFileReference; lastKnownFileType = image.png; path = ChatIcon.png; sourceTree = "<group>"; };
		59F1F82E18C690010081315E /* ChatIcon@2x.png */ = {isa = PBXFileReference; lastKnownFileType = image.png; path = "ChatIcon@2x.png"; sourceTree = "<group>"; };
		59F1F82F18C690010081315E /* DislikeIcon.png */ = {isa = PBXFileReference; lastKnownFileType = image.png; path = DislikeIcon.png; sourceTree = "<group>"; };
		59F1F83018C690010081315E /* DislikeIcon@2x.png */ = {isa = PBXFileReference; lastKnownFileType = image.png; path = "DislikeIcon@2x.png"; sourceTree = "<group>"; };
		59F1F83118C690010081315E /* InfoIcon.png */ = {isa = PBXFileReference; lastKnownFileType = image.png; path = InfoIcon.png; sourceTree = "<group>"; };
		59F1F83218C690010081315E /* InfoIcon@2x.png */ = {isa = PBXFileReference; lastKnownFileType = image.png; path = "InfoIcon@2x.png"; sourceTree = "<group>"; };
		59F1F83318C690010081315E /* LikeIcon.png */ = {isa = PBXFileReference; lastKnownFileType = image.png; path = LikeIcon.png; sourceTree = "<group>"; };
		59F1F83418C690010081315E /* LikeIcon@2x.png */ = {isa = PBXFileReference; lastKnownFileType = image.png; path = "LikeIcon@2x.png"; sourceTree = "<group>"; };
		59F1F83518C690010081315E /* location.png */ = {isa = PBXFileReference; lastKnownFileType = image.png; path = location.png; sourceTree = "<group>"; };
		59F1F83618C690010081315E /* location@2x.png */ = {isa = PBXFileReference; lastKnownFileType = image.png; path = "location@2x.png"; sourceTree = "<group>"; };
		59F1F83718C690010081315E /* NameAgeStatusBar.png */ = {isa = PBXFileReference; lastKnownFileType = image.png; path = NameAgeStatusBar.png; sourceTree = "<group>"; };
		59F1F83818C690010081315E /* NameAgeStatusBar@2x.png */ = {isa = PBXFileReference; lastKnownFileType = image.png; path = "NameAgeStatusBar@2x.png"; sourceTree = "<group>"; };
		59F1F83918C690010081315E /* SettingIcon.png */ = {isa = PBXFileReference; lastKnownFileType = image.png; path = SettingIcon.png; sourceTree = "<group>"; };
		59F1F83A18C690010081315E /* SettingIcon@2x.png */ = {isa = PBXFileReference; lastKnownFileType = image.png; path = "SettingIcon@2x.png"; sourceTree = "<group>"; };
		59F1F83B18C690010081315E /* Single.png */ = {isa = PBXFileReference; lastKnownFileType = image.png; path = Single.png; sourceTree = "<group>"; };
		59F1F83C18C690010081315E /* Single@2x.png */ = {isa = PBXFileReference; lastKnownFileType = image.png; path = "Single@2x.png"; sourceTree = "<group>"; };
		59F1F83D18C690010081315E /* StatusIcon.png */ = {isa = PBXFileReference; lastKnownFileType = image.png; path = StatusIcon.png; sourceTree = "<group>"; };
		59F1F83E18C690010081315E /* StatusIcon@2x.png */ = {isa = PBXFileReference; lastKnownFileType = image.png; path = "StatusIcon@2x.png"; sourceTree = "<group>"; };
		59F1F83F18C690010081315E /* UserImage.png */ = {isa = PBXFileReference; lastKnownFileType = image.png; path = UserImage.png; sourceTree = "<group>"; };
		59F1F84018C690010081315E /* UserImage@2x.png */ = {isa = PBXFileReference; lastKnownFileType = image.png; path = "UserImage@2x.png"; sourceTree = "<group>"; };
		59F1F84118C690010081315E /* VP_BG.png */ = {isa = PBXFileReference; lastKnownFileType = image.png; path = VP_BG.png; sourceTree = "<group>"; };
		59F1F84218C690010081315E /* VP_BG@2x.png */ = {isa = PBXFileReference; lastKnownFileType = image.png; path = "VP_BG@2x.png"; sourceTree = "<group>"; };
		59F1F84418C690010081315E /* back-icon.png */ = {isa = PBXFileReference; lastKnownFileType = image.png; path = "back-icon.png"; sourceTree = "<group>"; };
		59F1F84518C690010081315E /* back-icon@2x.png */ = {isa = PBXFileReference; lastKnownFileType = image.png; path = "back-icon@2x.png"; sourceTree = "<group>"; };
		59F1F84618C690010081315E /* BG.png */ = {isa = PBXFileReference; lastKnownFileType = image.png; path = BG.png; sourceTree = "<group>"; };
		59F1F84718C690010081315E /* BG@2x.png */ = {isa = PBXFileReference; lastKnownFileType = image.png; path = "BG@2x.png"; sourceTree = "<group>"; };
		59F1F84818C690010081315E /* Chat_user.png */ = {isa = PBXFileReference; lastKnownFileType = image.png; path = Chat_user.png; sourceTree = "<group>"; };
		59F1F84918C690010081315E /* Chat_user@2x.png */ = {isa = PBXFileReference; lastKnownFileType = image.png; path = "Chat_user@2x.png"; sourceTree = "<group>"; };
		59F1F84A18C690010081315E /* menu-icon.png */ = {isa = PBXFileReference; lastKnownFileType = image.png; path = "menu-icon.png"; sourceTree = "<group>"; };
		59F1F84B18C690010081315E /* menu-icon@2x.png */ = {isa = PBXFileReference; lastKnownFileType = image.png; path = "menu-icon@2x.png"; sourceTree = "<group>"; };
		59F1F84C18C690010081315E /* SettingIcon.png */ = {isa = PBXFileReference; lastKnownFileType = image.png; path = SettingIcon.png; sourceTree = "<group>"; };
		59F1F84D18C690010081315E /* SettingIcon@2x.png */ = {isa = PBXFileReference; lastKnownFileType = image.png; path = "SettingIcon@2x.png"; sourceTree = "<group>"; };
		59F1F84E18C690010081315E /* Top_NavBG.png */ = {isa = PBXFileReference; lastKnownFileType = image.png; path = Top_NavBG.png; sourceTree = "<group>"; };
		59F1F84F18C690010081315E /* Top_NavBG@2x.png */ = {isa = PBXFileReference; lastKnownFileType = image.png; path = "Top_NavBG@2x.png"; sourceTree = "<group>"; };
		59F1F85118C690010081315E /* back-icon.png */ = {isa = PBXFileReference; lastKnownFileType = image.png; path = "back-icon.png"; sourceTree = "<group>"; };
		59F1F85218C690010081315E /* back-icon@2x.png */ = {isa = PBXFileReference; lastKnownFileType = image.png; path = "back-icon@2x.png"; sourceTree = "<group>"; };
		59F1F85318C690010081315E /* BG.png */ = {isa = PBXFileReference; lastKnownFileType = image.png; path = BG.png; sourceTree = "<group>"; };
		59F1F85418C690010081315E /* BG@2x.png */ = {isa = PBXFileReference; lastKnownFileType = image.png; path = "BG@2x.png"; sourceTree = "<group>"; };
		59F1F85518C690010081315E /* form.png */ = {isa = PBXFileReference; lastKnownFileType = image.png; path = form.png; sourceTree = "<group>"; };
		59F1F85618C690010081315E /* form@2x.png */ = {isa = PBXFileReference; lastKnownFileType = image.png; path = "form@2x.png"; sourceTree = "<group>"; };
		59F1F85718C690010081315E /* menu-icon.png */ = {isa = PBXFileReference; lastKnownFileType = image.png; path = "menu-icon.png"; sourceTree = "<group>"; };
		59F1F85818C690010081315E /* menu-icon@2x.png */ = {isa = PBXFileReference; lastKnownFileType = image.png; path = "menu-icon@2x.png"; sourceTree = "<group>"; };
		59F1F85918C690010081315E /* Send_Bar_BG.png */ = {isa = PBXFileReference; lastKnownFileType = image.png; path = Send_Bar_BG.png; sourceTree = "<group>"; };
		59F1F85A18C690010081315E /* Send_Bar_BG@2x.png */ = {isa = PBXFileReference; lastKnownFileType = image.png; path = "Send_Bar_BG@2x.png"; sourceTree = "<group>"; };
		59F1F85B18C690010081315E /* SettingIcon.png */ = {isa = PBXFileReference; lastKnownFileType = image.png; path = SettingIcon.png; sourceTree = "<group>"; };
		59F1F85C18C690010081315E /* SettingIcon@2x.png */ = {isa = PBXFileReference; lastKnownFileType = image.png; path = "SettingIcon@2x.png"; sourceTree = "<group>"; };
		59F1F85D18C690010081315E /* Top_NavBG.png */ = {isa = PBXFileReference; lastKnownFileType = image.png; path = Top_NavBG.png; sourceTree = "<group>"; };
		59F1F85E18C690010081315E /* Top_NavBG@2x.png */ = {isa = PBXFileReference; lastKnownFileType = image.png; path = "Top_NavBG@2x.png"; sourceTree = "<group>"; };
		59F1F86018C690010081315E /* back-icon.png */ = {isa = PBXFileReference; lastKnownFileType = image.png; path = "back-icon.png"; sourceTree = "<group>"; };
		59F1F86118C690010081315E /* back-icon@2x.png */ = {isa = PBXFileReference; lastKnownFileType = image.png; path = "back-icon@2x.png"; sourceTree = "<group>"; };
		59F1F86218C690010081315E /* BG.png */ = {isa = PBXFileReference; lastKnownFileType = image.png; path = BG.png; sourceTree = "<group>"; };
		59F1F86318C690010081315E /* BG@2x.png */ = {isa = PBXFileReference; lastKnownFileType = image.png; path = "BG@2x.png"; sourceTree = "<group>"; };
		59F1F86418C690010081315E /* EditProfile.png */ = {isa = PBXFileReference; lastKnownFileType = image.png; path = EditProfile.png; sourceTree = "<group>"; };
		59F1F86518C690010081315E /* EditProfile@2x.png */ = {isa = PBXFileReference; lastKnownFileType = image.png; path = "EditProfile@2x.png"; sourceTree = "<group>"; };
		59F1F86618C690010081315E /* Logout.png */ = {isa = PBXFileReference; lastKnownFileType = image.png; path = Logout.png; sourceTree = "<group>"; };
		59F1F86718C690010081315E /* Logout@2x.png */ = {isa = PBXFileReference; lastKnownFileType = image.png; path = "Logout@2x.png"; sourceTree = "<group>"; };
		59F1F86818C690010081315E /* menu-icon.png */ = {isa = PBXFileReference; lastKnownFileType = image.png; path = "menu-icon.png"; sourceTree = "<group>"; };
		59F1F86918C690010081315E /* menu-icon@2x.png */ = {isa = PBXFileReference; lastKnownFileType = image.png; path = "menu-icon@2x.png"; sourceTree = "<group>"; };
		59F1F86A18C690010081315E /* SettingIcon.png */ = {isa = PBXFileReference; lastKnownFileType = image.png; path = SettingIcon.png; sourceTree = "<group>"; };
		59F1F86B18C690010081315E /* SettingIcon@2x.png */ = {isa = PBXFileReference; lastKnownFileType = image.png; path = "SettingIcon@2x.png"; sourceTree = "<group>"; };
		59F1F86C18C690010081315E /* Top_NavBG.png */ = {isa = PBXFileReference; lastKnownFileType = image.png; path = Top_NavBG.png; sourceTree = "<group>"; };
		59F1F86D18C690010081315E /* Top_NavBG@2x.png */ = {isa = PBXFileReference; lastKnownFileType = image.png; path = "Top_NavBG@2x.png"; sourceTree = "<group>"; };
		59F1F86F18C690010081315E /* About_BG.png */ = {isa = PBXFileReference; lastKnownFileType = image.png; path = About_BG.png; sourceTree = "<group>"; };
		59F1F87018C690010081315E /* About_BG@2x.png */ = {isa = PBXFileReference; lastKnownFileType = image.png; path = "About_BG@2x.png"; sourceTree = "<group>"; };
		59F1F87118C690010081315E /* back-icon.png */ = {isa = PBXFileReference; lastKnownFileType = image.png; path = "back-icon.png"; sourceTree = "<group>"; };
		59F1F87218C690010081315E /* back-icon@2x.png */ = {isa = PBXFileReference; lastKnownFileType = image.png; path = "back-icon@2x.png"; sourceTree = "<group>"; };
		59F1F87318C690010081315E /* BG.png */ = {isa = PBXFileReference; lastKnownFileType = image.png; path = BG.png; sourceTree = "<group>"; };
		59F1F87418C690010081315E /* BG@2x.png */ = {isa = PBXFileReference; lastKnownFileType = image.png; path = "BG@2x.png"; sourceTree = "<group>"; };
		59F1F87518C690010081315E /* menu-icon.png */ = {isa = PBXFileReference; lastKnownFileType = image.png; path = "menu-icon.png"; sourceTree = "<group>"; };
		59F1F87618C690010081315E /* menu-icon@2x.png */ = {isa = PBXFileReference; lastKnownFileType = image.png; path = "menu-icon@2x.png"; sourceTree = "<group>"; };
		59F1F87718C690010081315E /* SettingIcon.png */ = {isa = PBXFileReference; lastKnownFileType = image.png; path = SettingIcon.png; sourceTree = "<group>"; };
		59F1F87818C690010081315E /* SettingIcon@2x.png */ = {isa = PBXFileReference; lastKnownFileType = image.png; path = "SettingIcon@2x.png"; sourceTree = "<group>"; };
		59F1F87918C690010081315E /* Top_NavBG.png */ = {isa = PBXFileReference; lastKnownFileType = image.png; path = Top_NavBG.png; sourceTree = "<group>"; };
		59F1F87A18C690010081315E /* Top_NavBG@2x.png */ = {isa = PBXFileReference; lastKnownFileType = image.png; path = "Top_NavBG@2x.png"; sourceTree = "<group>"; };
		59F1F87B18C690010081315E /* UserImage.png */ = {isa = PBXFileReference; lastKnownFileType = image.png; path = UserImage.png; sourceTree = "<group>"; };
		59F1F87C18C690010081315E /* UserImage@2x.png */ = {isa = PBXFileReference; lastKnownFileType = image.png; path = "UserImage@2x.png"; sourceTree = "<group>"; };
		59F1F87E18C690010081315E /* ChatNow_Icon.png */ = {isa = PBXFileReference; lastKnownFileType = image.png; path = ChatNow_Icon.png; sourceTree = "<group>"; };
		59F1F87F18C690010081315E /* ChatNow_Icon@2x.png */ = {isa = PBXFileReference; lastKnownFileType = image.png; path = "ChatNow_Icon@2x.png"; sourceTree = "<group>"; };
		59F1F88018C690010081315E /* Close-Button.png */ = {isa = PBXFileReference; lastKnownFileType = image.png; path = "Close-Button.png"; sourceTree = "<group>"; };
		59F1F88118C690010081315E /* Close-Button@2x.png */ = {isa = PBXFileReference; lastKnownFileType = image.png; path = "Close-Button@2x.png"; sourceTree = "<group>"; };
		59F1F88318C690010081315E /* back-icon.png */ = {isa = PBXFileReference; lastKnownFileType = image.png; path = "back-icon.png"; sourceTree = "<group>"; };
		59F1F88418C690010081315E /* back-icon@2x.png */ = {isa = PBXFileReference; lastKnownFileType = image.png; path = "back-icon@2x.png"; sourceTree = "<group>"; };
		59F1F88518C690010081315E /* ChatIcon.png */ = {isa = PBXFileReference; lastKnownFileType = image.png; path = ChatIcon.png; sourceTree = "<group>"; };
		59F1F88618C690010081315E /* ChatIcon@2x.png */ = {isa = PBXFileReference; lastKnownFileType = image.png; path = "ChatIcon@2x.png"; sourceTree = "<group>"; };
		59F1F88718C690010081315E /* SettingIcon.png */ = {isa = PBXFileReference; lastKnownFileType = image.png; path = SettingIcon.png; sourceTree = "<group>"; };
		59F1F88818C690010081315E /* SettingIcon@2x.png */ = {isa = PBXFileReference; lastKnownFileType = image.png; path = "SettingIcon@2x.png"; sourceTree = "<group>"; };
		59F1F88B18C690010081315E /* 1024_icon-1-01.png */ = {isa = PBXFileReference; lastKnownFileType = image.png; path = "1024_icon-1-01.png"; sourceTree = "<group>"; };
		59F1F88D18C690010081315E /* Icon-72.png */ = {isa = PBXFileReference; lastKnownFileType = image.png; path = "Icon-72.png"; sourceTree = "<group>"; };
		59F1F88E18C690010081315E /* Icon-72@2x.png */ = {isa = PBXFileReference; lastKnownFileType = image.png; path = "Icon-72@2x.png"; sourceTree = "<group>"; };
		59F1F88F18C690010081315E /* Icon-Small-50.png */ = {isa = PBXFileReference; lastKnownFileType = image.png; path = "Icon-Small-50.png"; sourceTree = "<group>"; };
		59F1F89018C690010081315E /* Icon-Small-50@2x.png */ = {isa = PBXFileReference; lastKnownFileType = image.png; path = "Icon-Small-50@2x.png"; sourceTree = "<group>"; };
		59F1F89118C690010081315E /* Icon-Small.png */ = {isa = PBXFileReference; lastKnownFileType = image.png; path = "Icon-Small.png"; sourceTree = "<group>"; };
		59F1F89218C690010081315E /* Icon-Small@2x.png */ = {isa = PBXFileReference; lastKnownFileType = image.png; path = "Icon-Small@2x.png"; sourceTree = "<group>"; };
		59F1F89318C690010081315E /* Icon.png */ = {isa = PBXFileReference; lastKnownFileType = image.png; path = Icon.png; sourceTree = "<group>"; };
		59F1F89418C690010081315E /* Icon@2x.png */ = {isa = PBXFileReference; lastKnownFileType = image.png; path = "Icon@2x.png"; sourceTree = "<group>"; };
		59F1F89518C690010081315E /* iTunesArtwork.png */ = {isa = PBXFileReference; lastKnownFileType = image.png; path = iTunesArtwork.png; sourceTree = "<group>"; };
		59F1F89618C690010081315E /* iTunesArtwork@2x.png */ = {isa = PBXFileReference; lastKnownFileType = image.png; path = "iTunesArtwork@2x.png"; sourceTree = "<group>"; };
		59F1F89818C690010081315E /* Icon-40.png */ = {isa = PBXFileReference; lastKnownFileType = image.png; path = "Icon-40.png"; sourceTree = "<group>"; };
		59F1F89918C690010081315E /* Icon-40@2x.png */ = {isa = PBXFileReference; lastKnownFileType = image.png; path = "Icon-40@2x.png"; sourceTree = "<group>"; };
		59F1F89A18C690010081315E /* Icon-60.png */ = {isa = PBXFileReference; lastKnownFileType = image.png; path = "Icon-60.png"; sourceTree = "<group>"; };
		59F1F89B18C690010081315E /* Icon-60@2x.png */ = {isa = PBXFileReference; lastKnownFileType = image.png; path = "Icon-60@2x.png"; sourceTree = "<group>"; };
		59F1F89C18C690010081315E /* Icon-72.png */ = {isa = PBXFileReference; lastKnownFileType = image.png; path = "Icon-72.png"; sourceTree = "<group>"; };
		59F1F89D18C690010081315E /* Icon-72@2x.png */ = {isa = PBXFileReference; lastKnownFileType = image.png; path = "Icon-72@2x.png"; sourceTree = "<group>"; };
		59F1F89E18C690010081315E /* Icon-76.png */ = {isa = PBXFileReference; lastKnownFileType = image.png; path = "Icon-76.png"; sourceTree = "<group>"; };
		59F1F89F18C690010081315E /* Icon-76@2x.png */ = {isa = PBXFileReference; lastKnownFileType = image.png; path = "Icon-76@2x.png"; sourceTree = "<group>"; };
		59F1F8A018C690010081315E /* Icon-Small-50.png */ = {isa = PBXFileReference; lastKnownFileType = image.png; path = "Icon-Small-50.png"; sourceTree = "<group>"; };
		59F1F8A118C690010081315E /* Icon-Small-50@2x.png */ = {isa = PBXFileReference; lastKnownFileType = image.png; path = "Icon-Small-50@2x.png"; sourceTree = "<group>"; };
		59F1F8A218C690010081315E /* Icon-Small.png */ = {isa = PBXFileReference; lastKnownFileType = image.png; path = "Icon-Small.png"; sourceTree = "<group>"; };
		59F1F8A318C690010081315E /* Icon-Small@2x.png */ = {isa = PBXFileReference; lastKnownFileType = image.png; path = "Icon-Small@2x.png"; sourceTree = "<group>"; };
		59F1F8A418C690010081315E /* Icon.png */ = {isa = PBXFileReference; lastKnownFileType = image.png; path = Icon.png; sourceTree = "<group>"; };
		59F1F8A518C690010081315E /* Icon@2x.png */ = {isa = PBXFileReference; lastKnownFileType = image.png; path = "Icon@2x.png"; sourceTree = "<group>"; };
		59F1F8A618C690010081315E /* iTunesArtwork.png */ = {isa = PBXFileReference; lastKnownFileType = image.png; path = iTunesArtwork.png; sourceTree = "<group>"; };
		59F1F8A718C690010081315E /* iTunesArtwork@2x.png */ = {isa = PBXFileReference; lastKnownFileType = image.png; path = "iTunesArtwork@2x.png"; sourceTree = "<group>"; };
		59F1F8A818C690010081315E /* Matched_Up_DesignV3_red.pdf */ = {isa = PBXFileReference; lastKnownFileType = image.pdf; path = Matched_Up_DesignV3_red.pdf; sourceTree = "<group>"; };
		59F1F93E18C6AFE90081315E /* MUTransitionAnimator.h */ = {isa = PBXFileReference; fileEncoding = 4; lastKnownFileType = sourcecode.c.h; path = MUTransitionAnimator.h; sourceTree = "<group>"; };
		59F1F93F18C6AFE90081315E /* MUTransitionAnimator.m */ = {isa = PBXFileReference; fileEncoding = 4; lastKnownFileType = sourcecode.c.objc; path = MUTransitionAnimator.m; sourceTree = "<group>"; };
		65F1B0E0C2FB43C4AB6DC38A /* Pods.xcconfig */ = {isa = PBXFileReference; includeInIndex = 1; lastKnownFileType = text.xcconfig; name = Pods.xcconfig; path = Pods/Pods.xcconfig; sourceTree = "<group>"; };
		EEFF63FE7EFB40BB841DD667 /* libPods.a */ = {isa = PBXFileReference; explicitFileType = archive.ar; includeInIndex = 0; path = libPods.a; sourceTree = BUILT_PRODUCTS_DIR; };
/* End PBXFileReference section */

/* Begin PBXFrameworksBuildPhase section */
		596F9D0318C2ACFB005C0F97 /* Frameworks */ = {
			isa = PBXFrameworksBuildPhase;
			buildActionMask = 2147483647;
			files = (
				596F9D0C18C2ACFB005C0F97 /* CoreGraphics.framework in Frameworks */,
				596F9D0E18C2ACFB005C0F97 /* UIKit.framework in Frameworks */,
				596F9D0A18C2ACFB005C0F97 /* Foundation.framework in Frameworks */,
				7D74EE5370A64845AAC1480D /* libPods.a in Frameworks */,
			);
			runOnlyForDeploymentPostprocessing = 0;
		};
		596F9D2718C2ACFC005C0F97 /* Frameworks */ = {
			isa = PBXFrameworksBuildPhase;
			buildActionMask = 2147483647;
			files = (
				596F9D2C18C2ACFC005C0F97 /* XCTest.framework in Frameworks */,
				596F9D2E18C2ACFC005C0F97 /* UIKit.framework in Frameworks */,
				596F9D2D18C2ACFC005C0F97 /* Foundation.framework in Frameworks */,
			);
			runOnlyForDeploymentPostprocessing = 0;
		};
/* End PBXFrameworksBuildPhase section */

/* Begin PBXGroup section */
		593E4AB118C3FF9D003CC75E /* Match */ = {
			isa = PBXGroup;
			children = (
				593E4AB218C3FFD4003CC75E /* MUMatchViewController.h */,
				593E4AB318C3FFD4003CC75E /* MUMatchViewController.m */,
				59F1F93D18C6AFBA0081315E /* Transition Helper */,
			);
			name = Match;
			sourceTree = "<group>";
		};
		593E4AB518C4035D003CC75E /* Matches */ = {
			isa = PBXGroup;
			children = (
				593E4AB618C40385003CC75E /* MUMatchesViewController.h */,
				593E4AB718C40385003CC75E /* MUMatchesViewController.m */,
			);
			name = Matches;
			sourceTree = "<group>";
		};
		593E4AB918C403EB003CC75E /* Chat */ = {
			isa = PBXGroup;
			children = (
				593E4ABA18C406B9003CC75E /* MUChatViewController.h */,
				593E4ABB18C406B9003CC75E /* MUChatViewController.m */,
			);
			name = Chat;
			sourceTree = "<group>";
		};
		596F9CFD18C2ACFB005C0F97 = {
			isa = PBXGroup;
			children = (
				596F9D0F18C2ACFB005C0F97 /* MatchedUp 2 */,
				596F9D3118C2ACFC005C0F97 /* MatchedUp 2Tests */,
				596F9D0818C2ACFB005C0F97 /* Frameworks */,
				596F9D0718C2ACFB005C0F97 /* Products */,
				65F1B0E0C2FB43C4AB6DC38A /* Pods.xcconfig */,
			);
			sourceTree = "<group>";
		};
		596F9D0718C2ACFB005C0F97 /* Products */ = {
			isa = PBXGroup;
			children = (
				596F9D0618C2ACFB005C0F97 /* MatchedUp 2.app */,
				596F9D2A18C2ACFC005C0F97 /* MatchedUp 2Tests.xctest */,
			);
			name = Products;
			sourceTree = "<group>";
		};
		596F9D0818C2ACFB005C0F97 /* Frameworks */ = {
			isa = PBXGroup;
			children = (
				596F9D0918C2ACFB005C0F97 /* Foundation.framework */,
				596F9D0B18C2ACFB005C0F97 /* CoreGraphics.framework */,
				596F9D0D18C2ACFB005C0F97 /* UIKit.framework */,
				596F9D2B18C2ACFC005C0F97 /* XCTest.framework */,
				EEFF63FE7EFB40BB841DD667 /* libPods.a */,
			);
			name = Frameworks;
			sourceTree = "<group>";
		};
		596F9D0F18C2ACFB005C0F97 /* MatchedUp 2 */ = {
			isa = PBXGroup;
			children = (
				596F9D1818C2ACFC005C0F97 /* MUAppDelegate.h */,
				596F9D1918C2ACFC005C0F97 /* MUAppDelegate.m */,
				596F9D1B18C2ACFC005C0F97 /* Main.storyboard */,
				596F9D4418C2B36D005C0F97 /* Login */,
				596F9D4818C31085005C0F97 /* Home */,
				596F9D4D18C329A6005C0F97 /* Settings */,
				596F9D5518C32E33005C0F97 /* EditProfile */,
				59E0DD0118C3305800B0354E /* Profile */,
				593E4AB118C3FF9D003CC75E /* Match */,
				593E4AB518C4035D003CC75E /* Matches */,
				593E4AB918C403EB003CC75E /* Chat */,
				59E414B818C3576D00388504 /* CreateParseUser */,
				596F9D2418C2ACFC005C0F97 /* Images.xcassets */,
				596F9D1018C2ACFB005C0F97 /* Supporting Files */,
			);
			path = "MatchedUp 2";
			sourceTree = "<group>";
		};
		596F9D1018C2ACFB005C0F97 /* Supporting Files */ = {
			isa = PBXGroup;
			children = (
				59F1F80518C690000081315E /* Matched_Up_assets */,
				59E414BC18C3580900388504 /* panda_pic.jpeg */,
				596F9D4518C2E8D2005C0F97 /* MUConstants.h */,
				596F9D4618C2E8D2005C0F97 /* MUConstants.m */,
				596F9D1118C2ACFB005C0F97 /* MatchedUp 2-Info.plist */,
				596F9D1218C2ACFB005C0F97 /* InfoPlist.strings */,
				596F9D1518C2ACFC005C0F97 /* main.m */,
				596F9D1718C2ACFC005C0F97 /* MatchedUp 2-Prefix.pch */,
			);
			name = "Supporting Files";
			sourceTree = "<group>";
		};
		596F9D3118C2ACFC005C0F97 /* MatchedUp 2Tests */ = {
			isa = PBXGroup;
			children = (
				596F9D3718C2ACFC005C0F97 /* MatchedUp_2Tests.m */,
				596F9D3218C2ACFC005C0F97 /* Supporting Files */,
			);
			path = "MatchedUp 2Tests";
			sourceTree = "<group>";
		};
		596F9D3218C2ACFC005C0F97 /* Supporting Files */ = {
			isa = PBXGroup;
			children = (
				596F9D3318C2ACFC005C0F97 /* MatchedUp 2Tests-Info.plist */,
				596F9D3418C2ACFC005C0F97 /* InfoPlist.strings */,
			);
			name = "Supporting Files";
			sourceTree = "<group>";
		};
		596F9D4418C2B36D005C0F97 /* Login */ = {
			isa = PBXGroup;
			children = (
				596F9D4118C2B316005C0F97 /* MULoginViewController.h */,
				596F9D4218C2B316005C0F97 /* MULoginViewController.m */,
			);
			name = Login;
			sourceTree = "<group>";
		};
		596F9D4818C31085005C0F97 /* Home */ = {
			isa = PBXGroup;
			children = (
				596F9D4A18C310C4005C0F97 /* MUHomeViewController.h */,
				596F9D4B18C310C4005C0F97 /* MUHomeViewController.m */,
			);
			name = Home;
			sourceTree = "<group>";
		};
		596F9D4D18C329A6005C0F97 /* Settings */ = {
			isa = PBXGroup;
			children = (
				596F9D4E18C329C9005C0F97 /* MUSettingsViewController.h */,
				596F9D4F18C329C9005C0F97 /* MUSettingsViewController.m */,
				59F1F80318C67EFF0081315E /* defaultPrefsFile.plist */,
			);
			name = Settings;
			sourceTree = "<group>";
		};
		596F9D5518C32E33005C0F97 /* EditProfile */ = {
			isa = PBXGroup;
			children = (
				596F9D5618C32E50005C0F97 /* MUEditProfileViewController.h */,
				596F9D5718C32E50005C0F97 /* MUEditProfileViewController.m */,
			);
			name = EditProfile;
			path = ..;
			sourceTree = "<group>";
		};
		59E0DD0118C3305800B0354E /* Profile */ = {
			isa = PBXGroup;
			children = (
				59E0DD0218C3307600B0354E /* MUProfileViewController.h */,
				59E0DD0318C3307600B0354E /* MUProfileViewController.m */,
			);
			name = Profile;
			path = ..;
			sourceTree = "<group>";
		};
		59E414B818C3576D00388504 /* CreateParseUser */ = {
			isa = PBXGroup;
			children = (
				59E414B918C3579B00388504 /* MUTestUser.h */,
				59E414BA18C3579B00388504 /* MUTestUser.m */,
			);
			name = CreateParseUser;
			path = ..;
			sourceTree = "<group>";
		};
		59F1F80518C690000081315E /* Matched_Up_assets */ = {
			isa = PBXGroup;
			children = (
				59F1F80618C690000081315E /* 00_SplashPage */,
				59F1F80C18C690000081315E /* 01_LoginScreen */,
				59F1F81118C690000081315E /* 02_HomeScreen */,
				59F1F82618C690000081315E /* 03_Profile */,
				59F1F84318C690010081315E /* 04_ChatList */,
				59F1F85018C690010081315E /* 05_ChatWindow */,
				59F1F85F18C690010081315E /* 06_Settings */,
				59F1F86E18C690010081315E /* 07_Profile_Edit */,
				59F1F87D18C690010081315E /* 08_Match */,
				59F1F88218C690010081315E /* _44px_Icon */,
				59F1F88918C690010081315E /* appicon */,
				59F1F8A818C690010081315E /* Matched_Up_DesignV3_red.pdf */,
			);
			path = Matched_Up_assets;
			sourceTree = "<group>";
		};
		59F1F80618C690000081315E /* 00_SplashPage */ = {
			isa = PBXGroup;
			children = (
				59F1F80718C690000081315E /* 960 */,
				59F1F80A18C690000081315E /* BG.png */,
				59F1F80B18C690000081315E /* BG@2x.png */,
			);
			path = 00_SplashPage;
			sourceTree = "<group>";
		};
		59F1F80718C690000081315E /* 960 */ = {
			isa = PBXGroup;
			children = (
				59F1F80818C690000081315E /* BG.png */,
				59F1F80918C690000081315E /* BG@2x.png */,
			);
			path = 960;
			sourceTree = "<group>";
		};
		59F1F80C18C690000081315E /* 01_LoginScreen */ = {
			isa = PBXGroup;
			children = (
				59F1F80D18C690000081315E /* Facebook.png */,
				59F1F80E18C690000081315E /* Facebook@2x.png */,
				59F1F80F18C690000081315E /* Logo.png */,
				59F1F81018C690000081315E /* Logo@2x.png */,
			);
			path = 01_LoginScreen;
			sourceTree = "<group>";
		};
		59F1F81118C690000081315E /* 02_HomeScreen */ = {
			isa = PBXGroup;
			children = (
				59F1F81218C690000081315E /* BG.png */,
				59F1F81318C690000081315E /* BG@2x.png */,
				59F1F81418C690000081315E /* ChatIcon.png */,
				59F1F81518C690000081315E /* ChatIcon@2x.png */,
				59F1F81618C690000081315E /* DislikeIcon.png */,
				59F1F81718C690000081315E /* DislikeIcon@2x.png */,
				59F1F81818C690000081315E /* InfoIcon.png */,
				59F1F81918C690000081315E /* InfoIcon@2x.png */,
				59F1F81A18C690000081315E /* LikeIcon.png */,
				59F1F81B18C690000081315E /* LikeIcon@2x.png */,
				59F1F81C18C690000081315E /* Matched-Up.png */,
				59F1F81D18C690000081315E /* Matched-Up@2x.png */,
				59F1F81E18C690000081315E /* SettingIcon.png */,
				59F1F81F18C690000081315E /* SettingIcon@2x.png */,
				59F1F82018C690000081315E /* Top_NavBG.png */,
				59F1F82118C690000081315E /* Top_NavBG@2x.png */,
				59F1F82218C690000081315E /* User_Image.png */,
				59F1F82318C690000081315E /* User_Image@2x.png */,
				59F1F82418C690000081315E /* VP_BG.png */,
				59F1F82518C690000081315E /* VP_BG@2x.png */,
			);
			path = 02_HomeScreen;
			sourceTree = "<group>";
		};
		59F1F82618C690000081315E /* 03_Profile */ = {
			isa = PBXGroup;
			children = (
				59F1F82718C690000081315E /* About_BG.png */,
				59F1F82818C690000081315E /* About_BG@2x.png */,
				59F1F82918C690010081315E /* AgeIcon.png */,
				59F1F82A18C690010081315E /* AgeIcon@2x.png */,
				59F1F82B18C690010081315E /* BG.png */,
				59F1F82C18C690010081315E /* BG@2x.png */,
				59F1F82D18C690010081315E /* ChatIcon.png */,
				59F1F82E18C690010081315E /* ChatIcon@2x.png */,
				59F1F82F18C690010081315E /* DislikeIcon.png */,
				59F1F83018C690010081315E /* DislikeIcon@2x.png */,
				59F1F83118C690010081315E /* InfoIcon.png */,
				59F1F83218C690010081315E /* InfoIcon@2x.png */,
				59F1F83318C690010081315E /* LikeIcon.png */,
				59F1F83418C690010081315E /* LikeIcon@2x.png */,
				59F1F83518C690010081315E /* location.png */,
				59F1F83618C690010081315E /* location@2x.png */,
				59F1F83718C690010081315E /* NameAgeStatusBar.png */,
				59F1F83818C690010081315E /* NameAgeStatusBar@2x.png */,
				59F1F83918C690010081315E /* SettingIcon.png */,
				59F1F83A18C690010081315E /* SettingIcon@2x.png */,
				59F1F83B18C690010081315E /* Single.png */,
				59F1F83C18C690010081315E /* Single@2x.png */,
				59F1F83D18C690010081315E /* StatusIcon.png */,
				59F1F83E18C690010081315E /* StatusIcon@2x.png */,
				59F1F83F18C690010081315E /* UserImage.png */,
				59F1F84018C690010081315E /* UserImage@2x.png */,
				59F1F84118C690010081315E /* VP_BG.png */,
				59F1F84218C690010081315E /* VP_BG@2x.png */,
			);
			path = 03_Profile;
			sourceTree = "<group>";
		};
		59F1F84318C690010081315E /* 04_ChatList */ = {
			isa = PBXGroup;
			children = (
				59F1F84418C690010081315E /* back-icon.png */,
				59F1F84518C690010081315E /* back-icon@2x.png */,
				59F1F84618C690010081315E /* BG.png */,
				59F1F84718C690010081315E /* BG@2x.png */,
				59F1F84818C690010081315E /* Chat_user.png */,
				59F1F84918C690010081315E /* Chat_user@2x.png */,
				59F1F84A18C690010081315E /* menu-icon.png */,
				59F1F84B18C690010081315E /* menu-icon@2x.png */,
				59F1F84C18C690010081315E /* SettingIcon.png */,
				59F1F84D18C690010081315E /* SettingIcon@2x.png */,
				59F1F84E18C690010081315E /* Top_NavBG.png */,
				59F1F84F18C690010081315E /* Top_NavBG@2x.png */,
			);
			path = 04_ChatList;
			sourceTree = "<group>";
		};
		59F1F85018C690010081315E /* 05_ChatWindow */ = {
			isa = PBXGroup;
			children = (
				59F1F85118C690010081315E /* back-icon.png */,
				59F1F85218C690010081315E /* back-icon@2x.png */,
				59F1F85318C690010081315E /* BG.png */,
				59F1F85418C690010081315E /* BG@2x.png */,
				59F1F85518C690010081315E /* form.png */,
				59F1F85618C690010081315E /* form@2x.png */,
				59F1F85718C690010081315E /* menu-icon.png */,
				59F1F85818C690010081315E /* menu-icon@2x.png */,
				59F1F85918C690010081315E /* Send_Bar_BG.png */,
				59F1F85A18C690010081315E /* Send_Bar_BG@2x.png */,
				59F1F85B18C690010081315E /* SettingIcon.png */,
				59F1F85C18C690010081315E /* SettingIcon@2x.png */,
				59F1F85D18C690010081315E /* Top_NavBG.png */,
				59F1F85E18C690010081315E /* Top_NavBG@2x.png */,
			);
			path = 05_ChatWindow;
			sourceTree = "<group>";
		};
		59F1F85F18C690010081315E /* 06_Settings */ = {
			isa = PBXGroup;
			children = (
				59F1F86018C690010081315E /* back-icon.png */,
				59F1F86118C690010081315E /* back-icon@2x.png */,
				59F1F86218C690010081315E /* BG.png */,
				59F1F86318C690010081315E /* BG@2x.png */,
				59F1F86418C690010081315E /* EditProfile.png */,
				59F1F86518C690010081315E /* EditProfile@2x.png */,
				59F1F86618C690010081315E /* Logout.png */,
				59F1F86718C690010081315E /* Logout@2x.png */,
				59F1F86818C690010081315E /* menu-icon.png */,
				59F1F86918C690010081315E /* menu-icon@2x.png */,
				59F1F86A18C690010081315E /* SettingIcon.png */,
				59F1F86B18C690010081315E /* SettingIcon@2x.png */,
				59F1F86C18C690010081315E /* Top_NavBG.png */,
				59F1F86D18C690010081315E /* Top_NavBG@2x.png */,
			);
			path = 06_Settings;
			sourceTree = "<group>";
		};
		59F1F86E18C690010081315E /* 07_Profile_Edit */ = {
			isa = PBXGroup;
			children = (
				59F1F86F18C690010081315E /* About_BG.png */,
				59F1F87018C690010081315E /* About_BG@2x.png */,
				59F1F87118C690010081315E /* back-icon.png */,
				59F1F87218C690010081315E /* back-icon@2x.png */,
				59F1F87318C690010081315E /* BG.png */,
				59F1F87418C690010081315E /* BG@2x.png */,
				59F1F87518C690010081315E /* menu-icon.png */,
				59F1F87618C690010081315E /* menu-icon@2x.png */,
				59F1F87718C690010081315E /* SettingIcon.png */,
				59F1F87818C690010081315E /* SettingIcon@2x.png */,
				59F1F87918C690010081315E /* Top_NavBG.png */,
				59F1F87A18C690010081315E /* Top_NavBG@2x.png */,
				59F1F87B18C690010081315E /* UserImage.png */,
				59F1F87C18C690010081315E /* UserImage@2x.png */,
			);
			path = 07_Profile_Edit;
			sourceTree = "<group>";
		};
		59F1F87D18C690010081315E /* 08_Match */ = {
			isa = PBXGroup;
			children = (
				59F1F87E18C690010081315E /* ChatNow_Icon.png */,
				59F1F87F18C690010081315E /* ChatNow_Icon@2x.png */,
				59F1F88018C690010081315E /* Close-Button.png */,
				59F1F88118C690010081315E /* Close-Button@2x.png */,
			);
			path = 08_Match;
			sourceTree = "<group>";
		};
		59F1F88218C690010081315E /* _44px_Icon */ = {
			isa = PBXGroup;
			children = (
				59F1F88318C690010081315E /* back-icon.png */,
				59F1F88418C690010081315E /* back-icon@2x.png */,
				59F1F88518C690010081315E /* ChatIcon.png */,
				59F1F88618C690010081315E /* ChatIcon@2x.png */,
				59F1F88718C690010081315E /* SettingIcon.png */,
				59F1F88818C690010081315E /* SettingIcon@2x.png */,
			);
			path = _44px_Icon;
			sourceTree = "<group>";
		};
		59F1F88918C690010081315E /* appicon */ = {
			isa = PBXGroup;
			children = (
				59F1F88A18C690010081315E /* _Source */,
				59F1F88C18C690010081315E /* ios */,
				59F1F89718C690010081315E /* ios7 */,
			);
			path = appicon;
			sourceTree = "<group>";
		};
		59F1F88A18C690010081315E /* _Source */ = {
			isa = PBXGroup;
			children = (
				59F1F88B18C690010081315E /* 1024_icon-1-01.png */,
			);
			path = _Source;
			sourceTree = "<group>";
		};
		59F1F88C18C690010081315E /* ios */ = {
			isa = PBXGroup;
			children = (
				59F1F88D18C690010081315E /* Icon-72.png */,
				59F1F88E18C690010081315E /* Icon-72@2x.png */,
				59F1F88F18C690010081315E /* Icon-Small-50.png */,
				59F1F89018C690010081315E /* Icon-Small-50@2x.png */,
				59F1F89118C690010081315E /* Icon-Small.png */,
				59F1F89218C690010081315E /* Icon-Small@2x.png */,
				59F1F89318C690010081315E /* Icon.png */,
				59F1F89418C690010081315E /* Icon@2x.png */,
				59F1F89518C690010081315E /* iTunesArtwork.png */,
				59F1F89618C690010081315E /* iTunesArtwork@2x.png */,
			);
			path = ios;
			sourceTree = "<group>";
		};
		59F1F89718C690010081315E /* ios7 */ = {
			isa = PBXGroup;
			children = (
				59F1F89818C690010081315E /* Icon-40.png */,
				59F1F89918C690010081315E /* Icon-40@2x.png */,
				59F1F89A18C690010081315E /* Icon-60.png */,
				59F1F89B18C690010081315E /* Icon-60@2x.png */,
				59F1F89C18C690010081315E /* Icon-72.png */,
				59F1F89D18C690010081315E /* Icon-72@2x.png */,
				59F1F89E18C690010081315E /* Icon-76.png */,
				59F1F89F18C690010081315E /* Icon-76@2x.png */,
				59F1F8A018C690010081315E /* Icon-Small-50.png */,
				59F1F8A118C690010081315E /* Icon-Small-50@2x.png */,
				59F1F8A218C690010081315E /* Icon-Small.png */,
				59F1F8A318C690010081315E /* Icon-Small@2x.png */,
				59F1F8A418C690010081315E /* Icon.png */,
				59F1F8A518C690010081315E /* Icon@2x.png */,
				59F1F8A618C690010081315E /* iTunesArtwork.png */,
				59F1F8A718C690010081315E /* iTunesArtwork@2x.png */,
			);
			path = ios7;
			sourceTree = "<group>";
		};
		59F1F93D18C6AFBA0081315E /* Transition Helper */ = {
			isa = PBXGroup;
			children = (
				59F1F93E18C6AFE90081315E /* MUTransitionAnimator.h */,
				59F1F93F18C6AFE90081315E /* MUTransitionAnimator.m */,
			);
			name = "Transition Helper";
			sourceTree = "<group>";
		};
/* End PBXGroup section */

/* Begin PBXNativeTarget section */
		596F9D0518C2ACFB005C0F97 /* MatchedUp 2 */ = {
			isa = PBXNativeTarget;
			buildConfigurationList = 596F9D3B18C2ACFC005C0F97 /* Build configuration list for PBXNativeTarget "MatchedUp 2" */;
			buildPhases = (
				EDF7A4BACAAE42F1A4F4C9A8 /* Check Pods Manifest.lock */,
				596F9D0218C2ACFB005C0F97 /* Sources */,
				596F9D0318C2ACFB005C0F97 /* Frameworks */,
				596F9D0418C2ACFB005C0F97 /* Resources */,
				1F8D5BE5AF204328847A131A /* Copy Pods Resources */,
			);
			buildRules = (
			);
			dependencies = (
			);
			name = "MatchedUp 2";
			productName = "MatchedUp 2";
			productReference = 596F9D0618C2ACFB005C0F97 /* MatchedUp 2.app */;
			productType = "com.apple.product-type.application";
		};
		596F9D2918C2ACFC005C0F97 /* MatchedUp 2Tests */ = {
			isa = PBXNativeTarget;
			buildConfigurationList = 596F9D3E18C2ACFC005C0F97 /* Build configuration list for PBXNativeTarget "MatchedUp 2Tests" */;
			buildPhases = (
				596F9D2618C2ACFC005C0F97 /* Sources */,
				596F9D2718C2ACFC005C0F97 /* Frameworks */,
				596F9D2818C2ACFC005C0F97 /* Resources */,
			);
			buildRules = (
			);
			dependencies = (
				596F9D3018C2ACFC005C0F97 /* PBXTargetDependency */,
			);
			name = "MatchedUp 2Tests";
			productName = "MatchedUp 2Tests";
			productReference = 596F9D2A18C2ACFC005C0F97 /* MatchedUp 2Tests.xctest */;
			productType = "com.apple.product-type.bundle.unit-test";
		};
/* End PBXNativeTarget section */

/* Begin PBXProject section */
		596F9CFE18C2ACFB005C0F97 /* Project object */ = {
			isa = PBXProject;
			attributes = {
				CLASSPREFIX = MU;
				LastUpgradeCheck = 0500;
				ORGANIZATIONNAME = iEndeavour;
				TargetAttributes = {
					596F9D2918C2ACFC005C0F97 = {
						TestTargetID = 596F9D0518C2ACFB005C0F97;
					};
				};
			};
			buildConfigurationList = 596F9D0118C2ACFB005C0F97 /* Build configuration list for PBXProject "MatchedUp 2" */;
			compatibilityVersion = "Xcode 3.2";
			developmentRegion = English;
			hasScannedForEncodings = 0;
			knownRegions = (
				en,
				Base,
			);
			mainGroup = 596F9CFD18C2ACFB005C0F97;
			productRefGroup = 596F9D0718C2ACFB005C0F97 /* Products */;
			projectDirPath = "";
			projectRoot = "";
			targets = (
				596F9D0518C2ACFB005C0F97 /* MatchedUp 2 */,
				596F9D2918C2ACFC005C0F97 /* MatchedUp 2Tests */,
			);
		};
/* End PBXProject section */

/* Begin PBXResourcesBuildPhase section */
		596F9D0418C2ACFB005C0F97 /* Resources */ = {
			isa = PBXResourcesBuildPhase;
			buildActionMask = 2147483647;
			files = (
				59F1F8CC18C690010081315E /* ChatIcon@2x.png in Resources */,
				59F1F8AF18C690010081315E /* Logo.png in Resources */,
				59F1F90418C690010081315E /* menu-icon@2x.png in Resources */,
				59F1F92D18C690010081315E /* Icon-40@2x.png in Resources */,
				59F1F8E318C690010081315E /* BG.png in Resources */,
				59F1F8BB18C690010081315E /* Matched-Up.png in Resources */,
				59F1F8D218C690010081315E /* LikeIcon@2x.png in Resources */,
				59F1F8C618C690010081315E /* About_BG@2x.png in Resources */,
				596F9D2518C2ACFC005C0F97 /* Images.xcassets in Resources */,
				59F1F8DF18C690010081315E /* VP_BG.png in Resources */,
				59F1F91F18C690010081315E /* SettingIcon.png in Resources */,
				59F1F92318C690010081315E /* Icon-72@2x.png in Resources */,
				59F1F8EB18C690010081315E /* Top_NavBG.png in Resources */,
				59F1F8B218C690010081315E /* BG@2x.png in Resources */,
				59F1F91718C690010081315E /* ChatNow_Icon.png in Resources */,
				59F1F8CD18C690010081315E /* DislikeIcon.png in Resources */,
				59F1F92118C690010081315E /* 1024_icon-1-01.png in Resources */,
				59F1F8F118C690010081315E /* form.png in Resources */,
				59F1F8E518C690010081315E /* Chat_user.png in Resources */,
				59F1F93918C690010081315E /* Icon@2x.png in Resources */,
				59F1F8C518C690010081315E /* About_BG.png in Resources */,
				59F1F8C118C690010081315E /* User_Image.png in Resources */,
				59F1F8F218C690010081315E /* form@2x.png in Resources */,
				59F1F92718C690010081315E /* Icon-Small@2x.png in Resources */,
				59F1F8EE18C690010081315E /* back-icon@2x.png in Resources */,
				59F1F92518C690010081315E /* Icon-Small-50@2x.png in Resources */,
				59F1F8E218C690010081315E /* back-icon@2x.png in Resources */,
				59F1F8F818C690010081315E /* SettingIcon@2x.png in Resources */,
				59F1F8ED18C690010081315E /* back-icon.png in Resources */,
				59F1F8AD18C690010081315E /* Facebook.png in Resources */,
				59F1F8F418C690010081315E /* menu-icon@2x.png in Resources */,
				59F1F93C18C690010081315E /* Matched_Up_DesignV3_red.pdf in Resources */,
				59F1F91D18C690010081315E /* ChatIcon.png in Resources */,
				59F1F92F18C690010081315E /* Icon-60@2x.png in Resources */,
				59F1F93418C690010081315E /* Icon-Small-50.png in Resources */,
				59F1F8D018C690010081315E /* InfoIcon@2x.png in Resources */,
				59F1F93518C690010081315E /* Icon-Small-50@2x.png in Resources */,
				59F1F8B018C690010081315E /* Logo@2x.png in Resources */,
				59F1F8C218C690010081315E /* User_Image@2x.png in Resources */,
				59F1F90118C690010081315E /* Logout.png in Resources */,
				59F1F8E118C690010081315E /* back-icon.png in Resources */,
				59F1F8DB18C690010081315E /* StatusIcon.png in Resources */,
				59F1F90018C690010081315E /* EditProfile@2x.png in Resources */,
				59F1F8B618C690010081315E /* DislikeIcon@2x.png in Resources */,
				59F1F8C018C690010081315E /* Top_NavBG@2x.png in Resources */,
				59F1F8C318C690010081315E /* VP_BG.png in Resources */,
				59F1F8F718C690010081315E /* SettingIcon.png in Resources */,
				59F1F8E418C690010081315E /* BG@2x.png in Resources */,
				59F1F8DD18C690010081315E /* UserImage.png in Resources */,
				59F1F8BD18C690010081315E /* SettingIcon.png in Resources */,
				59F1F93318C690010081315E /* Icon-76@2x.png in Resources */,
				59F1F8E018C690010081315E /* VP_BG@2x.png in Resources */,
				59F1F93B18C690010081315E /* iTunesArtwork@2x.png in Resources */,
				59F1F93618C690010081315E /* Icon-Small.png in Resources */,
				59F1F8AE18C690010081315E /* Facebook@2x.png in Resources */,
				59F1F90818C690010081315E /* Top_NavBG@2x.png in Resources */,
				59F1F8FA18C690010081315E /* Top_NavBG@2x.png in Resources */,
				59F1F8EA18C690010081315E /* SettingIcon@2x.png in Resources */,
				59F1F8D918C690010081315E /* Single.png in Resources */,
				59F1F8B518C690010081315E /* DislikeIcon.png in Resources */,
				59F1F91818C690010081315E /* ChatNow_Icon@2x.png in Resources */,
				59F1F91518C690010081315E /* UserImage.png in Resources */,
				59F1F92E18C690010081315E /* Icon-60.png in Resources */,
				59F1F8DA18C690010081315E /* Single@2x.png in Resources */,
				59F1F90318C690010081315E /* menu-icon.png in Resources */,
				59F1F8CB18C690010081315E /* ChatIcon.png in Resources */,
				59F1F8FC18C690010081315E /* back-icon@2x.png in Resources */,
				59F1F91318C690010081315E /* Top_NavBG.png in Resources */,
				59E414BD18C3580900388504 /* panda_pic.jpeg in Resources */,
				59F1F90E18C690010081315E /* BG@2x.png in Resources */,
				59F1F8D518C690010081315E /* NameAgeStatusBar.png in Resources */,
				59F1F90D18C690010081315E /* BG.png in Resources */,
				59F1F8BC18C690010081315E /* Matched-Up@2x.png in Resources */,
				59F1F8D618C690010081315E /* NameAgeStatusBar@2x.png in Resources */,
				59F1F8F618C690010081315E /* Send_Bar_BG@2x.png in Resources */,
				59F1F8FE18C690010081315E /* BG@2x.png in Resources */,
				59F1F8B118C690010081315E /* BG.png in Resources */,
				59F1F91118C690010081315E /* SettingIcon.png in Resources */,
				59F1F93818C690010081315E /* Icon.png in Resources */,
				59F1F8B818C690010081315E /* InfoIcon@2x.png in Resources */,
				59F1F8FD18C690010081315E /* BG.png in Resources */,
				59F1F91218C690010081315E /* SettingIcon@2x.png in Resources */,
				59F1F8B418C690010081315E /* ChatIcon@2x.png in Resources */,
				59F1F8F518C690010081315E /* Send_Bar_BG.png in Resources */,
				59F1F93A18C690010081315E /* iTunesArtwork.png in Resources */,
				59F1F93118C690010081315E /* Icon-72@2x.png in Resources */,
				59F1F8CF18C690010081315E /* InfoIcon.png in Resources */,
				59F1F8B318C690010081315E /* ChatIcon.png in Resources */,
				59F1F92618C690010081315E /* Icon-Small.png in Resources */,
				59F1F90618C690010081315E /* SettingIcon@2x.png in Resources */,
				59F1F8E818C690010081315E /* menu-icon@2x.png in Resources */,
				59F1F92018C690010081315E /* SettingIcon@2x.png in Resources */,
				59F1F8BA18C690010081315E /* LikeIcon@2x.png in Resources */,
				59F1F8FB18C690010081315E /* back-icon.png in Resources */,
				59F1F92918C690010081315E /* Icon@2x.png in Resources */,
				59F1F92418C690010081315E /* Icon-Small-50.png in Resources */,
				59F1F90F18C690010081315E /* menu-icon.png in Resources */,
				59F1F8AB18C690010081315E /* BG.png in Resources */,
				59F1F8D418C690010081315E /* location@2x.png in Resources */,
				59F1F8F918C690010081315E /* Top_NavBG.png in Resources */,
				59F1F90A18C690010081315E /* About_BG@2x.png in Resources */,
				59F1F8D718C690010081315E /* SettingIcon.png in Resources */,
				59F1F8A918C690010081315E /* BG.png in Resources */,
				596F9D1418C2ACFB005C0F97 /* InfoPlist.strings in Resources */,
				59F1F91E18C690010081315E /* ChatIcon@2x.png in Resources */,
				59F1F8FF18C690010081315E /* EditProfile.png in Resources */,
				59F1F90918C690010081315E /* About_BG.png in Resources */,
				59F1F90C18C690010081315E /* back-icon@2x.png in Resources */,
				59F1F8DC18C690010081315E /* StatusIcon@2x.png in Resources */,
				59F1F8C418C690010081315E /* VP_BG@2x.png in Resources */,
				59F1F8E618C690010081315E /* Chat_user@2x.png in Resources */,
				59F1F8BF18C690010081315E /* Top_NavBG.png in Resources */,
				59F1F8C918C690010081315E /* BG.png in Resources */,
				59F1F8F318C690010081315E /* menu-icon.png in Resources */,
				59F1F93218C690010081315E /* Icon-76.png in Resources */,
				59F1F8D818C690010081315E /* SettingIcon@2x.png in Resources */,
				59F1F8AC18C690010081315E /* BG@2x.png in Resources */,
				59F1F8B718C690010081315E /* InfoIcon.png in Resources */,
				596F9D1D18C2ACFC005C0F97 /* Main.storyboard in Resources */,
				59F1F8E918C690010081315E /* SettingIcon.png in Resources */,
				59F1F8B918C690010081315E /* LikeIcon.png in Resources */,
				59F1F91A18C690010081315E /* Close-Button@2x.png in Resources */,
				59F1F93718C690010081315E /* Icon-Small@2x.png in Resources */,
				59F1F8C818C690010081315E /* AgeIcon@2x.png in Resources */,
				59F1F8D318C690010081315E /* location.png in Resources */,
				59F1F8D118C690010081315E /* LikeIcon.png in Resources */,
				59F1F91618C690010081315E /* UserImage@2x.png in Resources */,
				59F1F91918C690010081315E /* Close-Button.png in Resources */,
				59F1F90518C690010081315E /* SettingIcon.png in Resources */,
				59F1F91C18C690010081315E /* back-icon@2x.png in Resources */,
				59F1F91418C690010081315E /* Top_NavBG@2x.png in Resources */,
				59F1F93018C690010081315E /* Icon-72.png in Resources */,
				59F1F8EF18C690010081315E /* BG.png in Resources */,
				59F1F8C718C690010081315E /* AgeIcon.png in Resources */,
				59F1F8CA18C690010081315E /* BG@2x.png in Resources */,
				59F1F8F018C690010081315E /* BG@2x.png in Resources */,
				59F1F91018C690010081315E /* menu-icon@2x.png in Resources */,
				59F1F8CE18C690010081315E /* DislikeIcon@2x.png in Resources */,
				59F1F90B18C690010081315E /* back-icon.png in Resources */,
				59F1F92B18C690010081315E /* iTunesArtwork@2x.png in Resources */,
				59F1F92A18C690010081315E /* iTunesArtwork.png in Resources */,
				59F1F90718C690010081315E /* Top_NavBG.png in Resources */,
				59F1F92218C690010081315E /* Icon-72.png in Resources */,
				59F1F92818C690010081315E /* Icon.png in Resources */,
				59F1F8EC18C690010081315E /* Top_NavBG@2x.png in Resources */,
				59F1F8BE18C690010081315E /* SettingIcon@2x.png in Resources */,
				59F1F8DE18C690010081315E /* UserImage@2x.png in Resources */,
				59F1F80418C67EFF0081315E /* defaultPrefsFile.plist in Resources */,
				59F1F8AA18C690010081315E /* BG@2x.png in Resources */,
				59F1F8E718C690010081315E /* menu-icon.png in Resources */,
				59F1F90218C690010081315E /* Logout@2x.png in Resources */,
				59F1F92C18C690010081315E /* Icon-40.png in Resources */,
				59F1F91B18C690010081315E /* back-icon.png in Resources */,
			);
			runOnlyForDeploymentPostprocessing = 0;
		};
		596F9D2818C2ACFC005C0F97 /* Resources */ = {
			isa = PBXResourcesBuildPhase;
			buildActionMask = 2147483647;
			files = (
				596F9D3618C2ACFC005C0F97 /* InfoPlist.strings in Resources */,
			);
			runOnlyForDeploymentPostprocessing = 0;
		};
/* End PBXResourcesBuildPhase section */

/* Begin PBXShellScriptBuildPhase section */
		1F8D5BE5AF204328847A131A /* Copy Pods Resources */ = {
			isa = PBXShellScriptBuildPhase;
			buildActionMask = 2147483647;
			files = (
			);
			inputPaths = (
			);
			name = "Copy Pods Resources";
			outputPaths = (
			);
			runOnlyForDeploymentPostprocessing = 0;
			shellPath = /bin/sh;
			shellScript = "\"${SRCROOT}/Pods/Pods-resources.sh\"\n";
			showEnvVarsInLog = 0;
		};
		EDF7A4BACAAE42F1A4F4C9A8 /* Check Pods Manifest.lock */ = {
			isa = PBXShellScriptBuildPhase;
			buildActionMask = 2147483647;
			files = (
			);
			inputPaths = (
			);
			name = "Check Pods Manifest.lock";
			outputPaths = (
			);
			runOnlyForDeploymentPostprocessing = 0;
			shellPath = /bin/sh;
			shellScript = "diff \"${PODS_ROOT}/../Podfile.lock\" \"${PODS_ROOT}/Manifest.lock\" > /dev/null\nif [[ $? != 0 ]] ; then\n    cat << EOM\nerror: The sandbox is not in sync with the Podfile.lock. Run 'pod install' or update your CocoaPods installation.\nEOM\n    exit 1\nfi\n";
			showEnvVarsInLog = 0;
		};
/* End PBXShellScriptBuildPhase section */

/* Begin PBXSourcesBuildPhase section */
		596F9D0218C2ACFB005C0F97 /* Sources */ = {
			isa = PBXSourcesBuildPhase;
			buildActionMask = 2147483647;
			files = (
				596F9D4318C2B316005C0F97 /* MULoginViewController.m in Sources */,
				596F9D5018C329C9005C0F97 /* MUSettingsViewController.m in Sources */,
				596F9D4C18C310C4005C0F97 /* MUHomeViewController.m in Sources */,
				596F9D1A18C2ACFC005C0F97 /* MUAppDelegate.m in Sources */,
				59F1F94018C6AFE90081315E /* MUTransitionAnimator.m in Sources */,
				596F9D5818C32E50005C0F97 /* MUEditProfileViewController.m in Sources */,
				596F9D1618C2ACFC005C0F97 /* main.m in Sources */,
				593E4ABC18C406B9003CC75E /* MUChatViewController.m in Sources */,
				593E4AB418C3FFD4003CC75E /* MUMatchViewController.m in Sources */,
				59E0DD0418C3307600B0354E /* MUProfileViewController.m in Sources */,
				596F9D4718C2E8D2005C0F97 /* MUConstants.m in Sources */,
				59E414BB18C3579B00388504 /* MUTestUser.m in Sources */,
				593E4AB818C40385003CC75E /* MUMatchesViewController.m in Sources */,
			);
			runOnlyForDeploymentPostprocessing = 0;
		};
		596F9D2618C2ACFC005C0F97 /* Sources */ = {
			isa = PBXSourcesBuildPhase;
			buildActionMask = 2147483647;
			files = (
				596F9D3818C2ACFC005C0F97 /* MatchedUp_2Tests.m in Sources */,
			);
			runOnlyForDeploymentPostprocessing = 0;
		};
/* End PBXSourcesBuildPhase section */

/* Begin PBXTargetDependency section */
		596F9D3018C2ACFC005C0F97 /* PBXTargetDependency */ = {
			isa = PBXTargetDependency;
			target = 596F9D0518C2ACFB005C0F97 /* MatchedUp 2 */;
			targetProxy = 596F9D2F18C2ACFC005C0F97 /* PBXContainerItemProxy */;
		};
/* End PBXTargetDependency section */

/* Begin PBXVariantGroup section */
		596F9D1218C2ACFB005C0F97 /* InfoPlist.strings */ = {
			isa = PBXVariantGroup;
			children = (
				596F9D1318C2ACFB005C0F97 /* en */,
			);
			name = InfoPlist.strings;
			sourceTree = "<group>";
		};
		596F9D1B18C2ACFC005C0F97 /* Main.storyboard */ = {
			isa = PBXVariantGroup;
			children = (
				596F9D1C18C2ACFC005C0F97 /* Base */,
			);
			name = Main.storyboard;
			sourceTree = "<group>";
		};
		596F9D3418C2ACFC005C0F97 /* InfoPlist.strings */ = {
			isa = PBXVariantGroup;
			children = (
				596F9D3518C2ACFC005C0F97 /* en */,
			);
			name = InfoPlist.strings;
			sourceTree = "<group>";
		};
/* End PBXVariantGroup section */

/* Begin XCBuildConfiguration section */
		596F9D3918C2ACFC005C0F97 /* Debug */ = {
			isa = XCBuildConfiguration;
			buildSettings = {
				ALWAYS_SEARCH_USER_PATHS = NO;
				ARCHS = "$(ARCHS_STANDARD_INCLUDING_64_BIT)";
				CLANG_CXX_LANGUAGE_STANDARD = "gnu++0x";
				CLANG_CXX_LIBRARY = "libc++";
				CLANG_ENABLE_MODULES = YES;
				CLANG_ENABLE_OBJC_ARC = YES;
				CLANG_WARN_BOOL_CONVERSION = YES;
				CLANG_WARN_CONSTANT_CONVERSION = YES;
				CLANG_WARN_DIRECT_OBJC_ISA_USAGE = YES_ERROR;
				CLANG_WARN_EMPTY_BODY = YES;
				CLANG_WARN_ENUM_CONVERSION = YES;
				CLANG_WARN_INT_CONVERSION = YES;
				CLANG_WARN_OBJC_ROOT_CLASS = YES_ERROR;
				CLANG_WARN__DUPLICATE_METHOD_MATCH = YES;
				"CODE_SIGN_IDENTITY[sdk=iphoneos*]" = "iPhone Developer";
				COPY_PHASE_STRIP = NO;
				GCC_C_LANGUAGE_STANDARD = gnu99;
				GCC_DYNAMIC_NO_PIC = NO;
				GCC_OPTIMIZATION_LEVEL = 0;
				GCC_PREPROCESSOR_DEFINITIONS = (
					"DEBUG=1",
					"$(inherited)",
				);
				GCC_SYMBOLS_PRIVATE_EXTERN = NO;
				GCC_WARN_64_TO_32_BIT_CONVERSION = YES;
				GCC_WARN_ABOUT_RETURN_TYPE = YES_ERROR;
				GCC_WARN_UNDECLARED_SELECTOR = YES;
				GCC_WARN_UNINITIALIZED_AUTOS = YES;
				GCC_WARN_UNUSED_FUNCTION = YES;
				GCC_WARN_UNUSED_VARIABLE = YES;
				IPHONEOS_DEPLOYMENT_TARGET = 7.0;
				ONLY_ACTIVE_ARCH = YES;
				SDKROOT = iphoneos;
			};
			name = Debug;
		};
		596F9D3A18C2ACFC005C0F97 /* Release */ = {
			isa = XCBuildConfiguration;
			buildSettings = {
				ALWAYS_SEARCH_USER_PATHS = NO;
				ARCHS = "$(ARCHS_STANDARD_INCLUDING_64_BIT)";
				CLANG_CXX_LANGUAGE_STANDARD = "gnu++0x";
				CLANG_CXX_LIBRARY = "libc++";
				CLANG_ENABLE_MODULES = YES;
				CLANG_ENABLE_OBJC_ARC = YES;
				CLANG_WARN_BOOL_CONVERSION = YES;
				CLANG_WARN_CONSTANT_CONVERSION = YES;
				CLANG_WARN_DIRECT_OBJC_ISA_USAGE = YES_ERROR;
				CLANG_WARN_EMPTY_BODY = YES;
				CLANG_WARN_ENUM_CONVERSION = YES;
				CLANG_WARN_INT_CONVERSION = YES;
				CLANG_WARN_OBJC_ROOT_CLASS = YES_ERROR;
				CLANG_WARN__DUPLICATE_METHOD_MATCH = YES;
				"CODE_SIGN_IDENTITY[sdk=iphoneos*]" = "iPhone Developer";
				COPY_PHASE_STRIP = YES;
				ENABLE_NS_ASSERTIONS = NO;
				GCC_C_LANGUAGE_STANDARD = gnu99;
				GCC_WARN_64_TO_32_BIT_CONVERSION = YES;
				GCC_WARN_ABOUT_RETURN_TYPE = YES_ERROR;
				GCC_WARN_UNDECLARED_SELECTOR = YES;
				GCC_WARN_UNINITIALIZED_AUTOS = YES;
				GCC_WARN_UNUSED_FUNCTION = YES;
				GCC_WARN_UNUSED_VARIABLE = YES;
				IPHONEOS_DEPLOYMENT_TARGET = 7.0;
				SDKROOT = iphoneos;
				VALIDATE_PRODUCT = YES;
			};
			name = Release;
		};
		596F9D3C18C2ACFC005C0F97 /* Debug */ = {
			isa = XCBuildConfiguration;
			baseConfigurationReference = 65F1B0E0C2FB43C4AB6DC38A /* Pods.xcconfig */;
			buildSettings = {
				ASSETCATALOG_COMPILER_APPICON_NAME = AppIcon;
				ASSETCATALOG_COMPILER_LAUNCHIMAGE_NAME = LaunchImage;
				GCC_PRECOMPILE_PREFIX_HEADER = YES;
				GCC_PREFIX_HEADER = "MatchedUp 2/MatchedUp 2-Prefix.pch";
				INFOPLIST_FILE = "MatchedUp 2/MatchedUp 2-Info.plist";
				PRODUCT_NAME = "$(TARGET_NAME)";
				WRAPPER_EXTENSION = app;
			};
			name = Debug;
		};
		596F9D3D18C2ACFC005C0F97 /* Release */ = {
			isa = XCBuildConfiguration;
			baseConfigurationReference = 65F1B0E0C2FB43C4AB6DC38A /* Pods.xcconfig */;
			buildSettings = {
				ASSETCATALOG_COMPILER_APPICON_NAME = AppIcon;
				ASSETCATALOG_COMPILER_LAUNCHIMAGE_NAME = LaunchImage;
				GCC_PRECOMPILE_PREFIX_HEADER = YES;
				GCC_PREFIX_HEADER = "MatchedUp 2/MatchedUp 2-Prefix.pch";
				INFOPLIST_FILE = "MatchedUp 2/MatchedUp 2-Info.plist";
				PRODUCT_NAME = "$(TARGET_NAME)";
				WRAPPER_EXTENSION = app;
			};
			name = Release;
		};
		596F9D3F18C2ACFC005C0F97 /* Debug */ = {
			isa = XCBuildConfiguration;
			buildSettings = {
				ARCHS = "$(ARCHS_STANDARD_INCLUDING_64_BIT)";
				BUNDLE_LOADER = "$(BUILT_PRODUCTS_DIR)/MatchedUp 2.app/MatchedUp 2";
				FRAMEWORK_SEARCH_PATHS = (
					"$(SDKROOT)/Developer/Library/Frameworks",
					"$(inherited)",
					"$(DEVELOPER_FRAMEWORKS_DIR)",
				);
				GCC_PRECOMPILE_PREFIX_HEADER = YES;
				GCC_PREFIX_HEADER = "MatchedUp 2/MatchedUp 2-Prefix.pch";
				GCC_PREPROCESSOR_DEFINITIONS = (
					"DEBUG=1",
					"$(inherited)",
				);
				INFOPLIST_FILE = "MatchedUp 2Tests/MatchedUp 2Tests-Info.plist";
				PRODUCT_NAME = "$(TARGET_NAME)";
				TEST_HOST = "$(BUNDLE_LOADER)";
				WRAPPER_EXTENSION = xctest;
			};
			name = Debug;
		};
		596F9D4018C2ACFC005C0F97 /* Release */ = {
			isa = XCBuildConfiguration;
			buildSettings = {
				ARCHS = "$(ARCHS_STANDARD_INCLUDING_64_BIT)";
				BUNDLE_LOADER = "$(BUILT_PRODUCTS_DIR)/MatchedUp 2.app/MatchedUp 2";
				FRAMEWORK_SEARCH_PATHS = (
					"$(SDKROOT)/Developer/Library/Frameworks",
					"$(inherited)",
					"$(DEVELOPER_FRAMEWORKS_DIR)",
				);
				GCC_PRECOMPILE_PREFIX_HEADER = YES;
				GCC_PREFIX_HEADER = "MatchedUp 2/MatchedUp 2-Prefix.pch";
				INFOPLIST_FILE = "MatchedUp 2Tests/MatchedUp 2Tests-Info.plist";
				PRODUCT_NAME = "$(TARGET_NAME)";
				TEST_HOST = "$(BUNDLE_LOADER)";
				WRAPPER_EXTENSION = xctest;
			};
			name = Release;
		};
/* End XCBuildConfiguration section */

/* Begin XCConfigurationList section */
		596F9D0118C2ACFB005C0F97 /* Build configuration list for PBXProject "MatchedUp 2" */ = {
			isa = XCConfigurationList;
			buildConfigurations = (
				596F9D3918C2ACFC005C0F97 /* Debug */,
				596F9D3A18C2ACFC005C0F97 /* Release */,
			);
			defaultConfigurationIsVisible = 0;
			defaultConfigurationName = Release;
		};
		596F9D3B18C2ACFC005C0F97 /* Build configuration list for PBXNativeTarget "MatchedUp 2" */ = {
			isa = XCConfigurationList;
			buildConfigurations = (
				596F9D3C18C2ACFC005C0F97 /* Debug */,
				596F9D3D18C2ACFC005C0F97 /* Release */,
			);
			defaultConfigurationIsVisible = 0;
			defaultConfigurationName = Release;
		};
		596F9D3E18C2ACFC005C0F97 /* Build configuration list for PBXNativeTarget "MatchedUp 2Tests" */ = {
			isa = XCConfigurationList;
			buildConfigurations = (
				596F9D3F18C2ACFC005C0F97 /* Debug */,
				596F9D4018C2ACFC005C0F97 /* Release */,
			);
			defaultConfigurationIsVisible = 0;
			defaultConfigurationName = Release;
		};
/* End XCConfigurationList section */
	};
	rootObject = 596F9CFE18C2ACFB005C0F97 /* Project object */;
}
